{
    "version": 3,
    "terraform_version": "0.12.31",
    "serial": 1,
    "lineage": "07d36f66-1766-7605-2313-200726768beb",
    "modules": [
        {
            "path": [
                "root"
            ],
            "outputs": {
                "aws_eks_cluster_tfer--fortune-eks_id": {
                    "sensitive": false,
                    "type": "string",
                    "value": "fortune-eks"
                },
                "aws_eks_node_group_tfer--node-group-1_id": {
                    "sensitive": false,
                    "type": "string",
                    "value": "fortune-eks:node-group-1"
                },
                "aws_eks_node_group_tfer--node-group-2_id": {
                    "sensitive": false,
                    "type": "string",
                    "value": "fortune-eks:node-group-2"
                }
            },
            "resources": {
                "aws_eks_cluster.tfer--fortune-eks": {
                    "type": "aws_eks_cluster",
                    "depends_on": [],
                    "primary": {
                        "id": "fortune-eks",
                        "attributes": {
                            "arn": "arn:aws:eks:us-west-1:873550445328:cluster/fortune-eks",
                            "certificate_authority.#": "1",
                            "certificate_authority.0.data": "LS0tLS1CRUdJTiBDRVJUSUZJQ0FURS0tLS0tCk1JSURCVENDQWUyZ0F3SUJBZ0lJYkhFenlpVW5CbDB3RFFZSktvWklodmNOQVFFTEJRQXdGVEVUTUJFR0ExVUUKQXhNS2EzVmlaWEp1WlhSbGN6QWVGdzB5TkRBek1UQXhOakkzTkRKYUZ3MHpOREF6TURneE5qTXlOREphTUJVeApFekFSQmdOVkJBTVRDbXQxWW1WeWJtVjBaWE13Z2dFaU1BMEdDU3FHU0liM0RRRUJBUVVBQTRJQkR3QXdnZ0VLCkFvSUJBUURmVmgzOUZVUEJ2QU5Mc1l3cEFxUldFRTBFZmozZ3A0cElUWXJGaFpyMHd0WlNpZjNta0R6QURiWUoKcFNjejBoMVcvTEo0ZHlyU05PYXhCR2NxMS90VDBvVlE0eWNvcEowbU9NMTlHbXNqR09NMFFGbFlLbXM1QUNpLwppMVNDVFJDTXZMeWlhYWdaWm5NZmI5bndKZUhwQWhGWEJ5Q0wwQjBXMU96SzNpVVNlOVFmcG1FdUhkRjBOSE9CCjRlZWcyQ093NXFzYzY0RndRRGVoRUVBZmpHcE5Fak1YeXVqS21LelhBby9hRm5wT002dGkvc25PNmhRaCtzYnMKL21hMFBSV0ZEZFVlejZvbFlvR0Z0bld0ODZSSWpuMncwVzhHY2xDWVBJMkd2RC9rME5hSTNWYTA3akFPcmE0WAp6cmVPL0JaTW5Cblk0eFhCYTFEWTBacld1cE1iQWdNQkFBR2pXVEJYTUE0R0ExVWREd0VCL3dRRUF3SUNwREFQCkJnTlZIUk1CQWY4RUJUQURBUUgvTUIwR0ExVWREZ1FXQkJTVTY4eW0zRWh2SldyTjNPVVhsb28yaVhvZEJqQVYKQmdOVkhSRUVEakFNZ2dwcmRXSmxjbTVsZEdWek1BMEdDU3FHU0liM0RRRUJDd1VBQTRJQkFRQlJvRTRnOEMwNApHYmxQSjRsMEhmK2pvQjdVRGNVSVNFdmVjMjNZZW9uM3FTb2pZK1JzMEdZS1dNVmd6N0Q5b1hGb0VCKzR6cTFXCmxxeENQa3NsNE5HWTROcjZQN3drcnRsUGNQSHh1NDBxbDk4ZnAyZTFia1UxanlqUURsbWp0b1QrUVJxSEM3RW0KdEJGSWMxTG1zaFUvMytBR3ErQkdxMXFWZFI1YTRlYUw2NHZvckQ5dTJ6VW1xcEdjdHRDcUZFeUw5QlBWOXJ0dAp5dXhoRVpjZlZFOEFKTEwvVWRnWkNoM002cHlHQkd1RUdhUXZidDlDN2xJYzlwNE9vQVU0MHBoTWlLK3hLQkIrCnRTU25oaVloK0EzdU13MmlpUllucXlFMVBTbWw5R2NiVG1MSUk5aXlWb3h2QmFqN0VwN1N1dGxJbFVPeTd2NHEKSWtoR2tUbnNVYTZ1Ci0tLS0tRU5EIENFUlRJRklDQVRFLS0tLS0K",
                            "created_at": "2024-03-10 16:28:53.241 +0000 UTC",
                            "enabled_cluster_log_types.#": "0",
                            "encryption_config.#": "0",
                            "endpoint": "https://C819B6BA8DB31F2686FA35AEBD74C4A7.yl4.us-west-1.eks.amazonaws.com",
                            "id": "fortune-eks",
                            "identity.#": "1",
                            "identity.0.oidc.#": "1",
                            "identity.0.oidc.0.issuer": "https://oidc.eks.us-west-1.amazonaws.com/id/C819B6BA8DB31F2686FA35AEBD74C4A7",
                            "kubernetes_network_config.#": "1",
                            "kubernetes_network_config.0.ip_family": "ipv4",
                            "kubernetes_network_config.0.service_ipv4_cidr": "10.100.0.0/16",
                            "kubernetes_network_config.0.service_ipv6_cidr": "",
                            "name": "fortune-eks",
                            "outpost_config.#": "0",
                            "platform_version": "eks.3",
                            "role_arn": "arn:aws:iam::873550445328:role/eksClusterRole",
                            "status": "ACTIVE",
                            "tags.%": "0",
                            "tags_all.%": "0",
                            "version": "1.29",
                            "vpc_config.#": "1",
                            "vpc_config.0.cluster_security_group_id": "sg-0fb7e717fe0c682de",
                            "vpc_config.0.endpoint_private_access": "true",
                            "vpc_config.0.endpoint_public_access": "true",
                            "vpc_config.0.public_access_cidrs.#": "1",
                            "vpc_config.0.public_access_cidrs.0": "0.0.0.0/0",
                            "vpc_config.0.security_group_ids.#": "1",
                            "vpc_config.0.security_group_ids.0": "sg-01a43e88282f5c264",
                            "vpc_config.0.subnet_ids.#": "2",
                            "vpc_config.0.subnet_ids.0": "subnet-04550e6d9795d9d09",
                            "vpc_config.0.subnet_ids.1": "subnet-055313d175a9bfdfb",
                            "vpc_config.0.vpc_id": "vpc-0d698fd1e5c4d0f9b"
                        },
                        "meta": {
                            "schema_version": 0
                        },
                        "tainted": false
                    },
                    "deposed": [],
                    "provider": "provider.aws"
                },
                "aws_eks_node_group.tfer--node-group-1": {
                    "type": "aws_eks_node_group",
                    "depends_on": [],
                    "primary": {
                        "id": "fortune-eks:node-group-1",
                        "attributes": {
                            "ami_type": "AL2_x86_64",
                            "arn": "arn:aws:eks:us-west-1:873550445328:nodegroup/fortune-eks/node-group-1/6ec714a1-070e-c862-0067-1d265a57d358",
                            "capacity_type": "ON_DEMAND",
                            "cluster_name": "fortune-eks",
                            "disk_size": "20",
                            "id": "fortune-eks:node-group-1",
                            "instance_types.#": "1",
                            "instance_types.0": "t2.small",
                            "labels.%": "0",
                            "launch_template.#": "0",
                            "node_group_name": "node-group-1",
                            "node_group_name_prefix": "",
                            "node_role_arn": "arn:aws:iam::873550445328:role/Policy-makers-role",
                            "release_version": "1.29.0-20240227",
                            "remote_access.#": "1",
                            "remote_access.0.ec2_ssh_key": "demokey",
                            "remote_access.0.source_security_group_ids.#": "1",
                            "remote_access.0.source_security_group_ids.0": "sg-01a43e88282f5c264",
                            "resources.#": "1",
                            "resources.0.autoscaling_groups.#": "1",
                            "resources.0.autoscaling_groups.0.name": "eks-node-group-1-6ec714a1-070e-c862-0067-1d265a57d358",
                            "resources.0.remote_access_security_group_id": "sg-0114721e832a8b5e1",
                            "scaling_config.#": "1",
                            "scaling_config.0.desired_size": "1",
                            "scaling_config.0.max_size": "1",
                            "scaling_config.0.min_size": "1",
                            "status": "ACTIVE",
                            "subnet_ids.#": "2",
                            "subnet_ids.0": "subnet-04550e6d9795d9d09",
                            "subnet_ids.1": "subnet-055313d175a9bfdfb",
                            "tags.%": "0",
                            "tags_all.%": "0",
                            "taint.#": "0",
                            "update_config.#": "1",
                            "update_config.0.max_unavailable": "1",
                            "update_config.0.max_unavailable_percentage": "0",
                            "version": "1.29"
                        },
                        "meta": {
                            "schema_version": 0
                        },
                        "tainted": false
                    },
                    "deposed": [],
                    "provider": "provider.aws"
                },
                "aws_eks_node_group.tfer--node-group-2": {
                    "type": "aws_eks_node_group",
                    "depends_on": [],
                    "primary": {
                        "id": "fortune-eks:node-group-2",
                        "attributes": {
                            "ami_type": "AL2_x86_64",
                            "arn": "arn:aws:eks:us-west-1:873550445328:nodegroup/fortune-eks/node-group-2/74c714a1-a5c6-cf32-6e01-b6ec29ac0d42",
                            "capacity_type": "ON_DEMAND",
                            "cluster_name": "fortune-eks",
                            "disk_size": "20",
                            "id": "fortune-eks:node-group-2",
                            "instance_types.#": "1",
                            "instance_types.0": "t2.small",
                            "labels.%": "0",
                            "launch_template.#": "0",
                            "node_group_name": "node-group-2",
                            "node_group_name_prefix": "",
                            "node_role_arn": "arn:aws:iam::873550445328:role/Policy-makers-role",
                            "release_version": "1.29.0-20240227",
                            "remote_access.#": "0",
                            "resources.#": "1",
                            "resources.0.autoscaling_groups.#": "1",
                            "resources.0.autoscaling_groups.0.name": "eks-node-group-2-74c714a1-a5c6-cf32-6e01-b6ec29ac0d42",
                            "resources.0.remote_access_security_group_id": "",
                            "scaling_config.#": "1",
                            "scaling_config.0.desired_size": "1",
                            "scaling_config.0.max_size": "1",
                            "scaling_config.0.min_size": "1",
                            "status": "ACTIVE",
                            "subnet_ids.#": "2",
                            "subnet_ids.0": "subnet-04550e6d9795d9d09",
                            "subnet_ids.1": "subnet-055313d175a9bfdfb",
                            "tags.%": "0",
                            "tags_all.%": "0",
                            "taint.#": "0",
                            "update_config.#": "1",
                            "update_config.0.max_unavailable": "1",
                            "update_config.0.max_unavailable_percentage": "0",
                            "version": "1.29"
                        },
                        "meta": {
                            "schema_version": 0
                        },
                        "tainted": false
                    },
                    "deposed": [],
                    "provider": "provider.aws"
                }
            },
            "depends_on": []
        }
    ]
}
