{
    "version": 3,
    "terraform_version": "0.12.31",
    "serial": 1,
    "lineage": "4d5b27ea-9223-d058-6433-51966b310140",
    "modules": [
        {
            "path": [
                "root"
            ],
            "outputs": {
                "aws_instance_tfer--i-049a8db2187061de5_Demo-server_id": {
                    "sensitive": false,
                    "type": "string",
                    "value": "i-049a8db2187061de5"
                },
                "aws_instance_tfer--i-09a0f24d1968a1296__id": {
                    "sensitive": false,
                    "type": "string",
                    "value": "i-09a0f24d1968a1296"
                },
                "aws_instance_tfer--i-0cb3ec62e30316654__id": {
                    "sensitive": false,
                    "type": "string",
                    "value": "i-0cb3ec62e30316654"
                }
            },
            "resources": {
                "aws_instance.tfer--i-049a8db2187061de5_Demo-server": {
                    "type": "aws_instance",
                    "depends_on": [],
                    "primary": {
                        "id": "i-049a8db2187061de5",
                        "attributes": {
                            "ami": "ami-07619059e86eaaaa2",
                            "arn": "arn:aws:ec2:us-west-1:873550445328:instance/i-049a8db2187061de5",
                            "associate_public_ip_address": "true",
                            "availability_zone": "us-west-1a",
                            "capacity_reservation_specification.#": "1",
                            "capacity_reservation_specification.0.capacity_reservation_preference": "open",
                            "capacity_reservation_specification.0.capacity_reservation_target.#": "0",
                            "cpu_core_count": "1",
                            "cpu_options.#": "1",
                            "cpu_options.0.amd_sev_snp": "",
                            "cpu_options.0.core_count": "1",
                            "cpu_options.0.threads_per_core": "2",
                            "cpu_threads_per_core": "2",
                            "credit_specification.#": "1",
                            "credit_specification.0.cpu_credits": "unlimited",
                            "disable_api_stop": "false",
                            "disable_api_termination": "false",
                            "ebs_block_device.#": "0",
                            "ebs_optimized": "true",
                            "enclave_options.#": "1",
                            "enclave_options.0.enabled": "false",
                            "ephemeral_block_device.#": "0",
                            "get_password_data": "false",
                            "hibernation": "false",
                            "host_id": "",
                            "iam_instance_profile": "",
                            "id": "i-049a8db2187061de5",
                            "instance_initiated_shutdown_behavior": "stop",
                            "instance_lifecycle": "",
                            "instance_market_options.#": "0",
                            "instance_state": "running",
                            "instance_type": "t3.medium",
                            "ipv6_address_count": "0",
                            "ipv6_addresses.#": "0",
                            "key_name": "demokey",
                            "launch_template.#": "0",
                            "maintenance_options.#": "1",
                            "maintenance_options.0.auto_recovery": "default",
                            "metadata_options.#": "1",
                            "metadata_options.0.http_endpoint": "enabled",
                            "metadata_options.0.http_put_response_hop_limit": "2",
                            "metadata_options.0.http_tokens": "required",
                            "metadata_options.0.instance_metadata_tags": "disabled",
                            "monitoring": "false",
                            "network_interface.#": "0",
                            "outpost_arn": "",
                            "password_data": "",
                            "placement_group": "",
                            "placement_partition_number": "0",
                            "primary_network_interface_id": "eni-066617f4eb1a5e6ea",
                            "private_dns": "ip-172-31-10-5.us-west-1.compute.internal",
                            "private_dns_name_options.#": "1",
                            "private_dns_name_options.0.enable_resource_name_dns_a_record": "true",
                            "private_dns_name_options.0.enable_resource_name_dns_aaaa_record": "false",
                            "private_dns_name_options.0.hostname_type": "ip-name",
                            "private_ip": "172.31.10.5",
                            "public_dns": "ec2-13-57-34-139.us-west-1.compute.amazonaws.com",
                            "public_ip": "13.57.34.139",
                            "root_block_device.#": "1",
                            "root_block_device.0.delete_on_termination": "true",
                            "root_block_device.0.device_name": "/dev/xvda",
                            "root_block_device.0.encrypted": "false",
                            "root_block_device.0.iops": "3000",
                            "root_block_device.0.kms_key_id": "",
                            "root_block_device.0.tags.%": "0",
                            "root_block_device.0.throughput": "125",
                            "root_block_device.0.volume_id": "vol-01b9e65ecb1c3de44",
                            "root_block_device.0.volume_size": "25",
                            "root_block_device.0.volume_type": "gp3",
                            "secondary_private_ips.#": "0",
                            "security_groups.#": "1",
                            "security_groups.0": "default",
                            "source_dest_check": "true",
                            "spot_instance_request_id": "",
                            "subnet_id": "subnet-04550e6d9795d9d09",
                            "tags.%": "1",
                            "tags.Name": "Demo-server",
                            "tags_all.%": "1",
                            "tags_all.Name": "Demo-server",
                            "tenancy": "default",
                            "user_data_base64": "",
                            "vpc_security_group_ids.#": "1",
                            "vpc_security_group_ids.0": "sg-01a43e88282f5c264"
                        },
                        "meta": {
                            "schema_version": 1
                        },
                        "tainted": false
                    },
                    "deposed": [],
                    "provider": "provider.aws"
                },
                "aws_instance.tfer--i-09a0f24d1968a1296_": {
                    "type": "aws_instance",
                    "depends_on": [],
                    "primary": {
                        "id": "i-09a0f24d1968a1296",
                        "attributes": {
                            "ami": "ami-08243e88938e766c3",
                            "arn": "arn:aws:ec2:us-west-1:873550445328:instance/i-09a0f24d1968a1296",
                            "associate_public_ip_address": "true",
                            "availability_zone": "us-west-1b",
                            "capacity_reservation_specification.#": "1",
                            "capacity_reservation_specification.0.capacity_reservation_preference": "open",
                            "capacity_reservation_specification.0.capacity_reservation_target.#": "0",
                            "cpu_core_count": "1",
                            "cpu_options.#": "1",
                            "cpu_options.0.amd_sev_snp": "",
                            "cpu_options.0.core_count": "1",
                            "cpu_options.0.threads_per_core": "1",
                            "cpu_threads_per_core": "1",
                            "credit_specification.#": "1",
                            "credit_specification.0.cpu_credits": "standard",
                            "disable_api_stop": "false",
                            "disable_api_termination": "false",
                            "ebs_block_device.#": "0",
                            "ebs_optimized": "false",
                            "enclave_options.#": "1",
                            "enclave_options.0.enabled": "false",
                            "ephemeral_block_device.#": "0",
                            "get_password_data": "false",
                            "hibernation": "false",
                            "host_id": "",
                            "iam_instance_profile": "eks-74c714a1-a5c6-cf32-6e01-b6ec29ac0d42",
                            "id": "i-09a0f24d1968a1296",
                            "instance_initiated_shutdown_behavior": "stop",
                            "instance_lifecycle": "",
                            "instance_market_options.#": "0",
                            "instance_state": "running",
                            "instance_type": "t2.small",
                            "ipv6_address_count": "0",
                            "ipv6_addresses.#": "0",
                            "key_name": "",
                            "launch_template.#": "1",
                            "launch_template.0.id": "lt-0170596b0e02f267f",
                            "launch_template.0.name": "eks-74c714a1-a5c6-cf32-6e01-b6ec29ac0d42",
                            "launch_template.0.version": "1",
                            "maintenance_options.#": "1",
                            "maintenance_options.0.auto_recovery": "default",
                            "metadata_options.#": "1",
                            "metadata_options.0.http_endpoint": "enabled",
                            "metadata_options.0.http_put_response_hop_limit": "2",
                            "metadata_options.0.http_tokens": "optional",
                            "metadata_options.0.instance_metadata_tags": "disabled",
                            "monitoring": "false",
                            "network_interface.#": "0",
                            "outpost_arn": "",
                            "password_data": "",
                            "placement_group": "",
                            "placement_partition_number": "0",
                            "primary_network_interface_id": "eni-013fee38f0b3a3b15",
                            "private_dns": "ip-172-31-25-115.us-west-1.compute.internal",
                            "private_dns_name_options.#": "1",
                            "private_dns_name_options.0.enable_resource_name_dns_a_record": "false",
                            "private_dns_name_options.0.enable_resource_name_dns_aaaa_record": "false",
                            "private_dns_name_options.0.hostname_type": "ip-name",
                            "private_ip": "172.31.25.115",
                            "public_dns": "ec2-13-56-247-160.us-west-1.compute.amazonaws.com",
                            "public_ip": "13.56.247.160",
                            "root_block_device.#": "1",
                            "root_block_device.0.delete_on_termination": "true",
                            "root_block_device.0.device_name": "/dev/xvda",
                            "root_block_device.0.encrypted": "false",
                            "root_block_device.0.iops": "100",
                            "root_block_device.0.kms_key_id": "",
                            "root_block_device.0.tags.%": "0",
                            "root_block_device.0.throughput": "0",
                            "root_block_device.0.volume_id": "vol-06dd0bd63d91f335a",
                            "root_block_device.0.volume_size": "20",
                            "root_block_device.0.volume_type": "gp2",
                            "secondary_private_ips.#": "3",
                            "secondary_private_ips.0": "172.31.16.80",
                            "secondary_private_ips.1": "172.31.19.17",
                            "secondary_private_ips.2": "172.31.19.224",
                            "security_groups.#": "1",
                            "security_groups.0": "eks-cluster-sg-fortune-eks-1175221505",
                            "source_dest_check": "true",
                            "spot_instance_request_id": "",
                            "subnet_id": "subnet-055313d175a9bfdfb",
                            "tags.%": "5",
                            "tags.eks:cluster-name": "fortune-eks",
                            "tags.eks:nodegroup-name": "node-group-2",
                            "tags.k8s.io/cluster-autoscaler/enabled": "true",
                            "tags.k8s.io/cluster-autoscaler/fortune-eks": "owned",
                            "tags.kubernetes.io/cluster/fortune-eks": "owned",
                            "tags_all.%": "5",
                            "tags_all.eks:cluster-name": "fortune-eks",
                            "tags_all.eks:nodegroup-name": "node-group-2",
                            "tags_all.k8s.io/cluster-autoscaler/enabled": "true",
                            "tags_all.k8s.io/cluster-autoscaler/fortune-eks": "owned",
                            "tags_all.kubernetes.io/cluster/fortune-eks": "owned",
                            "tenancy": "default",
                            "user_data_base64": "TUlNRS1WZXJzaW9uOiAxLjAKQ29udGVudC1UeXBlOiBtdWx0aXBhcnQvbWl4ZWQ7IGJvdW5kYXJ5PSIvLyIKCi0tLy8KQ29udGVudC1UeXBlOiB0ZXh0L3gtc2hlbGxzY3JpcHQ7IGNoYXJzZXQ9InVzLWFzY2lpIgojIS9iaW4vYmFzaApzZXQgLWV4CkI2NF9DTFVTVEVSX0NBPUxTMHRMUzFDUlVkSlRpQkRSVkpVU1VaSlEwRlVSUzB0TFMwdENrMUpTVVJDVkVORFFXVXlaMEYzU1VKQlowbEpZa2hGZW5scFZXNUNiREIzUkZGWlNrdHZXa2xvZG1OT1FWRkZURUpSUVhkR1ZFVlVUVUpGUjBFeFZVVUtRWGhOUzJFelZtbGFXRXAxV2xoU2JHTjZRV1ZHZHpCNVRrUkJlazFVUVhoT2Fra3pUa1JLWVVaM01IcE9SRUY2VFVSbmVFNXFUWGxPUkVwaFRVSlZlQXBGZWtGU1FtZE9Wa0pCVFZSRGJYUXhXVzFXZVdKdFZqQmFXRTEzWjJkRmFVMUJNRWREVTNGSFUwbGlNMFJSUlVKQlVWVkJRVFJKUWtSM1FYZG5aMFZMQ2tGdlNVSkJVVVJtVm1nek9VWlZVRUoyUVU1TWMxbDNjRUZ4VWxkRlJUQkZabW96WjNBMGNFbFVXWEpHYUZweU1IZDBXbE5wWmpOdGEwUjZRVVJpV1VvS2NGTmplakJvTVZjdlRFbzBaSGx5VTA1UFlYaENSMk54TVM5MFZEQnZWbEUwZVdOdmNFb3diVTlOTVRsSGJYTnFSMDlOTUZGR2JGbExiWE0xUVVOcEx3cHBNVk5EVkZKRFRYWk1lV2xoWVdkYVdtNU5abUk1Ym5kS1pVaHdRV2hHV0VKNVEwd3dRakJYTVU5NlN6TnBWVk5sT1ZGbWNHMUZkVWhrUmpCT1NFOUNDalJsWldjeVEwOTNOWEZ6WXpZMFJuZFJSR1ZvUlVWQlptcEhjRTVGYWsxWWVYVnFTMjFMZWxoQmJ5OWhSbTV3VDAwMmRHa3ZjMjVQTm1oUmFDdHpZbk1LTDIxaE1GQlNWMFpFWkZWbGVqWnZiRmx2UjBaMGJsZDBPRFpTU1dwdU1uY3dWemhIWTJ4RFdWQkpNa2QyUkM5ck1FNWhTVE5XWVRBM2FrRlBjbUUwV0FwNmNtVlBMMEphVFc1Q2JsazBlRmhDWVRGRVdUQmFjbGQxY0UxaVFXZE5Ra0ZCUjJwWFZFSllUVUUwUjBFeFZXUkVkMFZDTDNkUlJVRjNTVU53UkVGUUNrSm5UbFpJVWsxQ1FXWTRSVUpVUVVSQlVVZ3ZUVUl3UjBFeFZXUkVaMUZYUWtKVFZUWTRlVzB6UldoMlNsZHlUak5QVlZoc2IyOHlhVmh2WkVKcVFWWUtRbWRPVmtoU1JVVkVha0ZOWjJkd2NtUlhTbXhqYlRWc1pFZFdlazFCTUVkRFUzRkhVMGxpTTBSUlJVSkRkMVZCUVRSSlFrRlJRbEp2UlRSbk9FTXdOQXBIWW14UVNqUnNNRWhtSzJwdlFqZFZSR05WU1ZORmRtVmpNak5aWlc5dU0zRlRiMnBaSzFKek1FZFpTMWROVm1kNk4wUTViMWhHYjBWQ0t6UjZjVEZYQ214eGVFTlFhM05zTkU1SFdUUk9jalpRTjNkcmNuUnNVR05RU0hoMU5EQnhiRGs0Wm5BeVpURmlhMVV4YW5scVVVUnNiV3AwYjFRclVWSnhTRU0zUlcwS2RFSkdTV014VEcxemFGVXZNeXRCUjNFclFrZHhNWEZXWkZJMVlUUmxZVXcyTkhadmNrUTVkVEo2VlcxeGNFZGpkSFJEY1VaRmVVdzVRbEJXT1hKMGRBcDVkWGhvUlZwalpsWkZPRUZLVEV3dlZXUm5Xa05vTTAwMmNIbEhRa2QxUlVkaFVYWmlkRGxETjJ4Sll6bHdORTl2UVZVME1IQm9UV2xMSzNoTFFrSXJDblJUVTI1b2FWbG9LMEV6ZFUxM01tbHBVbGx1Y1hsRk1WQlRiV3c1UjJOaVZHMU1TVWs1YVhsV2IzaDJRbUZxTjBWd04xTjFkR3hKYkZWUGVUZDJOSEVLU1d0b1IydFVibk5WWVRaMUNpMHRMUzB0UlU1RUlFTkZVbFJKUmtsRFFWUkZMUzB0TFMwSwpBUElfU0VSVkVSX1VSTD1odHRwczovL0M4MTlCNkJBOERCMzFGMjY4NkZBMzVBRUJENzRDNEE3LnlsNC51cy13ZXN0LTEuZWtzLmFtYXpvbmF3cy5jb20KSzhTX0NMVVNURVJfRE5TX0lQPTEwLjEwMC4wLjEwCi9ldGMvZWtzL2Jvb3RzdHJhcC5zaCBmb3J0dW5lLWVrcyAtLWt1YmVsZXQtZXh0cmEtYXJncyAnLS1ub2RlLWxhYmVscz1la3MuYW1hem9uYXdzLmNvbS9ub2RlZ3JvdXAtaW1hZ2U9YW1pLTA4MjQzZTg4OTM4ZTc2NmMzLGVrcy5hbWF6b25hd3MuY29tL2NhcGFjaXR5VHlwZT1PTl9ERU1BTkQsZWtzLmFtYXpvbmF3cy5jb20vbm9kZWdyb3VwPW5vZGUtZ3JvdXAtMiAtLW1heC1wb2RzPTExJyAtLWI2NC1jbHVzdGVyLWNhICRCNjRfQ0xVU1RFUl9DQSAtLWFwaXNlcnZlci1lbmRwb2ludCAkQVBJX1NFUlZFUl9VUkwgLS1kbnMtY2x1c3Rlci1pcCAkSzhTX0NMVVNURVJfRE5TX0lQIC0tdXNlLW1heC1wb2RzIGZhbHNlCgotLS8vLS0=",
                            "vpc_security_group_ids.#": "1",
                            "vpc_security_group_ids.0": "sg-0fb7e717fe0c682de"
                        },
                        "meta": {
                            "schema_version": 1
                        },
                        "tainted": false
                    },
                    "deposed": [],
                    "provider": "provider.aws"
                },
                "aws_instance.tfer--i-0cb3ec62e30316654_": {
                    "type": "aws_instance",
                    "depends_on": [],
                    "primary": {
                        "id": "i-0cb3ec62e30316654",
                        "attributes": {
                            "ami": "ami-08243e88938e766c3",
                            "arn": "arn:aws:ec2:us-west-1:873550445328:instance/i-0cb3ec62e30316654",
                            "associate_public_ip_address": "true",
                            "availability_zone": "us-west-1b",
                            "capacity_reservation_specification.#": "1",
                            "capacity_reservation_specification.0.capacity_reservation_preference": "open",
                            "capacity_reservation_specification.0.capacity_reservation_target.#": "0",
                            "cpu_core_count": "1",
                            "cpu_options.#": "1",
                            "cpu_options.0.amd_sev_snp": "",
                            "cpu_options.0.core_count": "1",
                            "cpu_options.0.threads_per_core": "1",
                            "cpu_threads_per_core": "1",
                            "credit_specification.#": "1",
                            "credit_specification.0.cpu_credits": "standard",
                            "disable_api_stop": "false",
                            "disable_api_termination": "false",
                            "ebs_block_device.#": "0",
                            "ebs_optimized": "false",
                            "enclave_options.#": "1",
                            "enclave_options.0.enabled": "false",
                            "ephemeral_block_device.#": "0",
                            "get_password_data": "false",
                            "hibernation": "false",
                            "host_id": "",
                            "iam_instance_profile": "eks-6ec714a1-070e-c862-0067-1d265a57d358",
                            "id": "i-0cb3ec62e30316654",
                            "instance_initiated_shutdown_behavior": "stop",
                            "instance_lifecycle": "",
                            "instance_market_options.#": "0",
                            "instance_state": "running",
                            "instance_type": "t2.small",
                            "ipv6_address_count": "0",
                            "ipv6_addresses.#": "0",
                            "key_name": "demokey",
                            "launch_template.#": "1",
                            "launch_template.0.id": "lt-0513fc3ddaf7c8b08",
                            "launch_template.0.name": "eks-6ec714a1-070e-c862-0067-1d265a57d358",
                            "launch_template.0.version": "1",
                            "maintenance_options.#": "1",
                            "maintenance_options.0.auto_recovery": "default",
                            "metadata_options.#": "1",
                            "metadata_options.0.http_endpoint": "enabled",
                            "metadata_options.0.http_put_response_hop_limit": "2",
                            "metadata_options.0.http_tokens": "optional",
                            "metadata_options.0.instance_metadata_tags": "disabled",
                            "monitoring": "false",
                            "network_interface.#": "0",
                            "outpost_arn": "",
                            "password_data": "",
                            "placement_group": "",
                            "placement_partition_number": "0",
                            "primary_network_interface_id": "eni-02f98f8821cc94f47",
                            "private_dns": "ip-172-31-24-89.us-west-1.compute.internal",
                            "private_dns_name_options.#": "1",
                            "private_dns_name_options.0.enable_resource_name_dns_a_record": "false",
                            "private_dns_name_options.0.enable_resource_name_dns_aaaa_record": "false",
                            "private_dns_name_options.0.hostname_type": "ip-name",
                            "private_ip": "172.31.24.89",
                            "public_dns": "ec2-54-177-117-182.us-west-1.compute.amazonaws.com",
                            "public_ip": "54.177.117.182",
                            "root_block_device.#": "1",
                            "root_block_device.0.delete_on_termination": "true",
                            "root_block_device.0.device_name": "/dev/xvda",
                            "root_block_device.0.encrypted": "false",
                            "root_block_device.0.iops": "100",
                            "root_block_device.0.kms_key_id": "",
                            "root_block_device.0.tags.%": "0",
                            "root_block_device.0.throughput": "0",
                            "root_block_device.0.volume_id": "vol-0637b29291a967632",
                            "root_block_device.0.volume_size": "20",
                            "root_block_device.0.volume_type": "gp2",
                            "secondary_private_ips.#": "3",
                            "secondary_private_ips.0": "172.31.21.148",
                            "secondary_private_ips.1": "172.31.24.229",
                            "secondary_private_ips.2": "172.31.30.135",
                            "security_groups.#": "2",
                            "security_groups.0": "eks-cluster-sg-fortune-eks-1175221505",
                            "security_groups.1": "eks-remoteAccess-6ec714a1-070e-c862-0067-1d265a57d358",
                            "source_dest_check": "true",
                            "spot_instance_request_id": "",
                            "subnet_id": "subnet-055313d175a9bfdfb",
                            "tags.%": "5",
                            "tags.eks:cluster-name": "fortune-eks",
                            "tags.eks:nodegroup-name": "node-group-1",
                            "tags.k8s.io/cluster-autoscaler/enabled": "true",
                            "tags.k8s.io/cluster-autoscaler/fortune-eks": "owned",
                            "tags.kubernetes.io/cluster/fortune-eks": "owned",
                            "tags_all.%": "5",
                            "tags_all.eks:cluster-name": "fortune-eks",
                            "tags_all.eks:nodegroup-name": "node-group-1",
                            "tags_all.k8s.io/cluster-autoscaler/enabled": "true",
                            "tags_all.k8s.io/cluster-autoscaler/fortune-eks": "owned",
                            "tags_all.kubernetes.io/cluster/fortune-eks": "owned",
                            "tenancy": "default",
                            "user_data_base64": "TUlNRS1WZXJzaW9uOiAxLjAKQ29udGVudC1UeXBlOiBtdWx0aXBhcnQvbWl4ZWQ7IGJvdW5kYXJ5PSIvLyIKCi0tLy8KQ29udGVudC1UeXBlOiB0ZXh0L3gtc2hlbGxzY3JpcHQ7IGNoYXJzZXQ9InVzLWFzY2lpIgojIS9iaW4vYmFzaApzZXQgLWV4CkI2NF9DTFVTVEVSX0NBPUxTMHRMUzFDUlVkSlRpQkRSVkpVU1VaSlEwRlVSUzB0TFMwdENrMUpTVVJDVkVORFFXVXlaMEYzU1VKQlowbEpZa2hGZW5scFZXNUNiREIzUkZGWlNrdHZXa2xvZG1OT1FWRkZURUpSUVhkR1ZFVlVUVUpGUjBFeFZVVUtRWGhOUzJFelZtbGFXRXAxV2xoU2JHTjZRV1ZHZHpCNVRrUkJlazFVUVhoT2Fra3pUa1JLWVVaM01IcE9SRUY2VFVSbmVFNXFUWGxPUkVwaFRVSlZlQXBGZWtGU1FtZE9Wa0pCVFZSRGJYUXhXVzFXZVdKdFZqQmFXRTEzWjJkRmFVMUJNRWREVTNGSFUwbGlNMFJSUlVKQlVWVkJRVFJKUWtSM1FYZG5aMFZMQ2tGdlNVSkJVVVJtVm1nek9VWlZVRUoyUVU1TWMxbDNjRUZ4VWxkRlJUQkZabW96WjNBMGNFbFVXWEpHYUZweU1IZDBXbE5wWmpOdGEwUjZRVVJpV1VvS2NGTmplakJvTVZjdlRFbzBaSGx5VTA1UFlYaENSMk54TVM5MFZEQnZWbEUwZVdOdmNFb3diVTlOTVRsSGJYTnFSMDlOTUZGR2JGbExiWE0xUVVOcEx3cHBNVk5EVkZKRFRYWk1lV2xoWVdkYVdtNU5abUk1Ym5kS1pVaHdRV2hHV0VKNVEwd3dRakJYTVU5NlN6TnBWVk5sT1ZGbWNHMUZkVWhrUmpCT1NFOUNDalJsWldjeVEwOTNOWEZ6WXpZMFJuZFJSR1ZvUlVWQlptcEhjRTVGYWsxWWVYVnFTMjFMZWxoQmJ5OWhSbTV3VDAwMmRHa3ZjMjVQTm1oUmFDdHpZbk1LTDIxaE1GQlNWMFpFWkZWbGVqWnZiRmx2UjBaMGJsZDBPRFpTU1dwdU1uY3dWemhIWTJ4RFdWQkpNa2QyUkM5ck1FNWhTVE5XWVRBM2FrRlBjbUUwV0FwNmNtVlBMMEphVFc1Q2JsazBlRmhDWVRGRVdUQmFjbGQxY0UxaVFXZE5Ra0ZCUjJwWFZFSllUVUUwUjBFeFZXUkVkMFZDTDNkUlJVRjNTVU53UkVGUUNrSm5UbFpJVWsxQ1FXWTRSVUpVUVVSQlVVZ3ZUVUl3UjBFeFZXUkVaMUZYUWtKVFZUWTRlVzB6UldoMlNsZHlUak5QVlZoc2IyOHlhVmh2WkVKcVFWWUtRbWRPVmtoU1JVVkVha0ZOWjJkd2NtUlhTbXhqYlRWc1pFZFdlazFCTUVkRFUzRkhVMGxpTTBSUlJVSkRkMVZCUVRSSlFrRlJRbEp2UlRSbk9FTXdOQXBIWW14UVNqUnNNRWhtSzJwdlFqZFZSR05WU1ZORmRtVmpNak5aWlc5dU0zRlRiMnBaSzFKek1FZFpTMWROVm1kNk4wUTViMWhHYjBWQ0t6UjZjVEZYQ214eGVFTlFhM05zTkU1SFdUUk9jalpRTjNkcmNuUnNVR05RU0hoMU5EQnhiRGs0Wm5BeVpURmlhMVV4YW5scVVVUnNiV3AwYjFRclVWSnhTRU0zUlcwS2RFSkdTV014VEcxemFGVXZNeXRCUjNFclFrZHhNWEZXWkZJMVlUUmxZVXcyTkhadmNrUTVkVEo2VlcxeGNFZGpkSFJEY1VaRmVVdzVRbEJXT1hKMGRBcDVkWGhvUlZwalpsWkZPRUZLVEV3dlZXUm5Xa05vTTAwMmNIbEhRa2QxUlVkaFVYWmlkRGxETjJ4Sll6bHdORTl2UVZVME1IQm9UV2xMSzNoTFFrSXJDblJUVTI1b2FWbG9LMEV6ZFUxM01tbHBVbGx1Y1hsRk1WQlRiV3c1UjJOaVZHMU1TVWs1YVhsV2IzaDJRbUZxTjBWd04xTjFkR3hKYkZWUGVUZDJOSEVLU1d0b1IydFVibk5WWVRaMUNpMHRMUzB0UlU1RUlFTkZVbFJKUmtsRFFWUkZMUzB0TFMwSwpBUElfU0VSVkVSX1VSTD1odHRwczovL0M4MTlCNkJBOERCMzFGMjY4NkZBMzVBRUJENzRDNEE3LnlsNC51cy13ZXN0LTEuZWtzLmFtYXpvbmF3cy5jb20KSzhTX0NMVVNURVJfRE5TX0lQPTEwLjEwMC4wLjEwCi9ldGMvZWtzL2Jvb3RzdHJhcC5zaCBmb3J0dW5lLWVrcyAtLWt1YmVsZXQtZXh0cmEtYXJncyAnLS1ub2RlLWxhYmVscz1la3MuYW1hem9uYXdzLmNvbS9ub2RlZ3JvdXAtaW1hZ2U9YW1pLTA4MjQzZTg4OTM4ZTc2NmMzLGVrcy5hbWF6b25hd3MuY29tL2NhcGFjaXR5VHlwZT1PTl9ERU1BTkQsZWtzLmFtYXpvbmF3cy5jb20vbm9kZWdyb3VwPW5vZGUtZ3JvdXAtMSAtLW1heC1wb2RzPTExJyAtLWI2NC1jbHVzdGVyLWNhICRCNjRfQ0xVU1RFUl9DQSAtLWFwaXNlcnZlci1lbmRwb2ludCAkQVBJX1NFUlZFUl9VUkwgLS1kbnMtY2x1c3Rlci1pcCAkSzhTX0NMVVNURVJfRE5TX0lQIC0tdXNlLW1heC1wb2RzIGZhbHNlCgotLS8vLS0=",
                            "vpc_security_group_ids.#": "2",
                            "vpc_security_group_ids.0": "sg-0114721e832a8b5e1",
                            "vpc_security_group_ids.1": "sg-0fb7e717fe0c682de"
                        },
                        "meta": {
                            "schema_version": 1
                        },
                        "tainted": false
                    },
                    "deposed": [],
                    "provider": "provider.aws"
                }
            },
            "depends_on": []
        }
    ]
}
