{
    "version": 3,
    "terraform_version": "0.12.31",
    "serial": 1,
    "lineage": "24bde5f6-bb75-8de0-4a81-486744dbe820",
    "modules": [
        {
            "path": [
                "root"
            ],
            "outputs": {
                "aws_iam_access_key_tfer--AKIA4WY5J7MINOLSFQ6G_id": {
                    "sensitive": false,
                    "type": "string",
                    "value": "AKIA4WY5J7MINOLSFQ6G"
                },
                "aws_iam_group_policy_attachment_tfer--identity-policymakers_AWSOrganizationsFullAccess_id": {
                    "sensitive": false,
                    "type": "string",
                    "value": "identity-policymakers/arn:aws:iam::aws:policy/AWSOrganizationsFullAccess"
                },
                "aws_iam_group_policy_attachment_tfer--identity-policymakers_AWSSupportAccess_id": {
                    "sensitive": false,
                    "type": "string",
                    "value": "identity-policymakers/arn:aws:iam::aws:policy/AWSSupportAccess"
                },
                "aws_iam_group_policy_attachment_tfer--identity-policymakers_Billing_id": {
                    "sensitive": false,
                    "type": "string",
                    "value": "identity-policymakers/arn:aws:iam::aws:policy/job-function/Billing"
                },
                "aws_iam_group_policy_attachment_tfer--identity-policymakers_IAMFullAccess_id": {
                    "sensitive": false,
                    "type": "string",
                    "value": "identity-policymakers/arn:aws:iam::aws:policy/IAMFullAccess"
                },
                "aws_iam_group_policy_attachment_tfer--identity-policymakers_PowerUserAccess_id": {
                    "sensitive": false,
                    "type": "string",
                    "value": "identity-policymakers/arn:aws:iam::aws:policy/PowerUserAccess"
                },
                "aws_iam_group_tfer--identity-policymakers_id": {
                    "sensitive": false,
                    "type": "string",
                    "value": "identity-policymakers"
                },
                "aws_iam_instance_profile_tfer--Policy-makers-role_id": {
                    "sensitive": false,
                    "type": "string",
                    "value": "Policy-makers-role"
                },
                "aws_iam_instance_profile_tfer--eks-6ec714a1-070e-c862-0067-1d265a57d358_id": {
                    "sensitive": false,
                    "type": "string",
                    "value": "eks-6ec714a1-070e-c862-0067-1d265a57d358"
                },
                "aws_iam_instance_profile_tfer--eks-74c714a1-a5c6-cf32-6e01-b6ec29ac0d42_id": {
                    "sensitive": false,
                    "type": "string",
                    "value": "eks-74c714a1-a5c6-cf32-6e01-b6ec29ac0d42"
                },
                "aws_iam_policy_tfer--DAXFullAccess-daxtodyanamodb_id": {
                    "sensitive": false,
                    "type": "string",
                    "value": "arn:aws:iam::873550445328:policy/service-role/DAXFullAccess-daxtodyanamodb"
                },
                "aws_iam_policy_tfer--loadbalancer-controller-policy_id": {
                    "sensitive": false,
                    "type": "string",
                    "value": "arn:aws:iam::873550445328:policy/loadbalancer-controller-policy"
                },
                "aws_iam_policy_tfer--mypolicy_id": {
                    "sensitive": false,
                    "type": "string",
                    "value": "arn:aws:iam::873550445328:policy/mypolicy"
                },
                "aws_iam_role_policy_attachment_tfer--AWSServiceRoleForAmazonEKSNodegroup_AWSServiceRoleForAmazonEKSNodegroup_id": {
                    "sensitive": false,
                    "type": "string",
                    "value": "AWSServiceRoleForAmazonEKSNodegroup/arn:aws:iam::aws:policy/aws-service-role/AWSServiceRoleForAmazonEKSNodegroup"
                },
                "aws_iam_role_policy_attachment_tfer--AWSServiceRoleForAmazonEKS_AmazonEKSServiceRolePolicy_id": {
                    "sensitive": false,
                    "type": "string",
                    "value": "AWSServiceRoleForAmazonEKS/arn:aws:iam::aws:policy/aws-service-role/AmazonEKSServiceRolePolicy"
                },
                "aws_iam_role_policy_attachment_tfer--AWSServiceRoleForApplicationAutoScaling_DynamoDBTable_AWSApplicationAutoscalingDynamoDBTablePolicy_id": {
                    "sensitive": false,
                    "type": "string",
                    "value": "AWSServiceRoleForApplicationAutoScaling_DynamoDBTable/arn:aws:iam::aws:policy/aws-service-role/AWSApplicationAutoscalingDynamoDBTablePolicy"
                },
                "aws_iam_role_policy_attachment_tfer--AWSServiceRoleForAutoScaling_AutoScalingServiceRolePolicy_id": {
                    "sensitive": false,
                    "type": "string",
                    "value": "AWSServiceRoleForAutoScaling/arn:aws:iam::aws:policy/aws-service-role/AutoScalingServiceRolePolicy"
                },
                "aws_iam_role_policy_attachment_tfer--AWSServiceRoleForElasticLoadBalancing_AWSElasticLoadBalancingServiceRolePolicy_id": {
                    "sensitive": false,
                    "type": "string",
                    "value": "AWSServiceRoleForElasticLoadBalancing/arn:aws:iam::aws:policy/aws-service-role/AWSElasticLoadBalancingServiceRolePolicy"
                },
                "aws_iam_role_policy_attachment_tfer--AWSServiceRoleForSupport_AWSSupportServiceRolePolicy_id": {
                    "sensitive": false,
                    "type": "string",
                    "value": "AWSServiceRoleForSupport/arn:aws:iam::aws:policy/aws-service-role/AWSSupportServiceRolePolicy"
                },
                "aws_iam_role_policy_attachment_tfer--AWSServiceRoleForTrustedAdvisor_AWSTrustedAdvisorServiceRolePolicy_id": {
                    "sensitive": false,
                    "type": "string",
                    "value": "AWSServiceRoleForTrustedAdvisor/arn:aws:iam::aws:policy/aws-service-role/AWSTrustedAdvisorServiceRolePolicy"
                },
                "aws_iam_role_policy_attachment_tfer--Policy-makers-role_AWSSupportAccess_id": {
                    "sensitive": false,
                    "type": "string",
                    "value": "Policy-makers-role/arn:aws:iam::aws:policy/AWSSupportAccess"
                },
                "aws_iam_role_policy_attachment_tfer--Policy-makers-role_AdministratorAccess_id": {
                    "sensitive": false,
                    "type": "string",
                    "value": "Policy-makers-role/arn:aws:iam::aws:policy/AdministratorAccess"
                },
                "aws_iam_role_policy_attachment_tfer--Policy-makers-role_AmazonRoute53FullAccess_id": {
                    "sensitive": false,
                    "type": "string",
                    "value": "Policy-makers-role/arn:aws:iam::aws:policy/AmazonRoute53FullAccess"
                },
                "aws_iam_role_policy_attachment_tfer--Policy-makers-role_IAMFullAccess_id": {
                    "sensitive": false,
                    "type": "string",
                    "value": "Policy-makers-role/arn:aws:iam::aws:policy/IAMFullAccess"
                },
                "aws_iam_role_policy_attachment_tfer--daxtodyanamodb_DAXFullAccess-daxtodyanamodb_id": {
                    "sensitive": false,
                    "type": "string",
                    "value": "daxtodyanamodb/arn:aws:iam::873550445328:policy/service-role/DAXFullAccess-daxtodyanamodb"
                },
                "aws_iam_role_policy_attachment_tfer--eksClusterRole_AmazonEKSClusterPolicy_id": {
                    "sensitive": false,
                    "type": "string",
                    "value": "eksClusterRole/arn:aws:iam::aws:policy/AmazonEKSClusterPolicy"
                },
                "aws_iam_role_policy_attachment_tfer--loadbalancer-controller-role_AmazonEBSCSIDriverPolicy_id": {
                    "sensitive": false,
                    "type": "string",
                    "value": "loadbalancer-controller-role/arn:aws:iam::aws:policy/service-role/AmazonEBSCSIDriverPolicy"
                },
                "aws_iam_role_policy_attachment_tfer--loadbalancer-controller-role_loadbalancer-controller-policy_id": {
                    "sensitive": false,
                    "type": "string",
                    "value": "loadbalancer-controller-role/arn:aws:iam::873550445328:policy/loadbalancer-controller-policy"
                },
                "aws_iam_role_policy_tfer--loadbalancer-controller-role_full-access_id": {
                    "sensitive": false,
                    "type": "string",
                    "value": "loadbalancer-controller-role:full-access"
                },
                "aws_iam_role_tfer--AWSServiceRoleForAmazonEKSNodegroup_id": {
                    "sensitive": false,
                    "type": "string",
                    "value": "AWSServiceRoleForAmazonEKSNodegroup"
                },
                "aws_iam_role_tfer--AWSServiceRoleForAmazonEKS_id": {
                    "sensitive": false,
                    "type": "string",
                    "value": "AWSServiceRoleForAmazonEKS"
                },
                "aws_iam_role_tfer--AWSServiceRoleForApplicationAutoScaling_DynamoDBTable_id": {
                    "sensitive": false,
                    "type": "string",
                    "value": "AWSServiceRoleForApplicationAutoScaling_DynamoDBTable"
                },
                "aws_iam_role_tfer--AWSServiceRoleForAutoScaling_id": {
                    "sensitive": false,
                    "type": "string",
                    "value": "AWSServiceRoleForAutoScaling"
                },
                "aws_iam_role_tfer--AWSServiceRoleForElasticLoadBalancing_id": {
                    "sensitive": false,
                    "type": "string",
                    "value": "AWSServiceRoleForElasticLoadBalancing"
                },
                "aws_iam_role_tfer--AWSServiceRoleForSupport_id": {
                    "sensitive": false,
                    "type": "string",
                    "value": "AWSServiceRoleForSupport"
                },
                "aws_iam_role_tfer--AWSServiceRoleForTrustedAdvisor_id": {
                    "sensitive": false,
                    "type": "string",
                    "value": "AWSServiceRoleForTrustedAdvisor"
                },
                "aws_iam_role_tfer--Policy-makers-role_id": {
                    "sensitive": false,
                    "type": "string",
                    "value": "Policy-makers-role"
                },
                "aws_iam_role_tfer--daxtodyanamodb_id": {
                    "sensitive": false,
                    "type": "string",
                    "value": "daxtodyanamodb"
                },
                "aws_iam_role_tfer--eksClusterRole_id": {
                    "sensitive": false,
                    "type": "string",
                    "value": "eksClusterRole"
                },
                "aws_iam_role_tfer--loadbalancer-controller-role_id": {
                    "sensitive": false,
                    "type": "string",
                    "value": "loadbalancer-controller-role"
                },
                "aws_iam_user_policy_attachment_tfer--fortune_AdministratorAccess_id": {
                    "sensitive": false,
                    "type": "string",
                    "value": "fortune/arn:aws:iam::aws:policy/AdministratorAccess"
                },
                "aws_iam_user_policy_attachment_tfer--fortune_AmazonEBSCSIDriverPolicy_id": {
                    "sensitive": false,
                    "type": "string",
                    "value": "fortune/arn:aws:iam::aws:policy/service-role/AmazonEBSCSIDriverPolicy"
                },
                "aws_iam_user_policy_attachment_tfer--wego_AmazonEC2ReadOnlyAccess_id": {
                    "sensitive": false,
                    "type": "string",
                    "value": "wego/arn:aws:iam::aws:policy/AmazonEC2ReadOnlyAccess"
                },
                "aws_iam_user_policy_attachment_tfer--wego_AmazonVPCReadOnlyAccess_id": {
                    "sensitive": false,
                    "type": "string",
                    "value": "wego/arn:aws:iam::aws:policy/AmazonVPCReadOnlyAccess"
                },
                "aws_iam_user_policy_attachment_tfer--wego_IAMReadOnlyAccess_id": {
                    "sensitive": false,
                    "type": "string",
                    "value": "wego/arn:aws:iam::aws:policy/IAMReadOnlyAccess"
                },
                "aws_iam_user_policy_attachment_tfer--wego_PowerUserAccess_id": {
                    "sensitive": false,
                    "type": "string",
                    "value": "wego/arn:aws:iam::aws:policy/PowerUserAccess"
                },
                "aws_iam_user_policy_tfer--fortune_sts_policy_id": {
                    "sensitive": false,
                    "type": "string",
                    "value": "fortune:sts_policy"
                },
                "aws_iam_user_tfer--AIDA4WY5J7MID3JY77BHK_id": {
                    "sensitive": false,
                    "type": "string",
                    "value": "wego"
                },
                "aws_iam_user_tfer--AIDA4WY5J7MIMTOBZD5FK_id": {
                    "sensitive": false,
                    "type": "string",
                    "value": "fortune"
                }
            },
            "resources": {
                "aws_iam_access_key.tfer--AKIA4WY5J7MINOLSFQ6G": {
                    "type": "aws_iam_access_key",
                    "depends_on": [],
                    "primary": {
                        "id": "AKIA4WY5J7MINOLSFQ6G",
                        "attributes": {
                            "create_date": "2024-03-02T19:09:53Z",
                            "id": "AKIA4WY5J7MINOLSFQ6G",
                            "status": "Active",
                            "user": "fortune"
                        },
                        "meta": {
                            "schema_version": 0
                        },
                        "tainted": false
                    },
                    "deposed": [],
                    "provider": "provider.aws"
                },
                "aws_iam_group.tfer--identity-policymakers": {
                    "type": "aws_iam_group",
                    "depends_on": [],
                    "primary": {
                        "id": "identity-policymakers",
                        "attributes": {
                            "arn": "arn:aws:iam::873550445328:group/identity-policymakers",
                            "id": "identity-policymakers",
                            "name": "identity-policymakers",
                            "path": "/",
                            "unique_id": "AGPA4WY5J7MIK2LUXJP5O"
                        },
                        "meta": {
                            "schema_version": 0
                        },
                        "tainted": false
                    },
                    "deposed": [],
                    "provider": "provider.aws"
                },
                "aws_iam_group_policy_attachment.tfer--identity-policymakers_AWSOrganizationsFullAccess": {
                    "type": "aws_iam_group_policy_attachment",
                    "depends_on": [],
                    "primary": {
                        "id": "identity-policymakers/arn:aws:iam::aws:policy/AWSOrganizationsFullAccess",
                        "attributes": {
                            "group": "identity-policymakers",
                            "id": "identity-policymakers/arn:aws:iam::aws:policy/AWSOrganizationsFullAccess",
                            "policy_arn": "arn:aws:iam::aws:policy/AWSOrganizationsFullAccess"
                        },
                        "meta": {
                            "schema_version": 0
                        },
                        "tainted": false
                    },
                    "deposed": [],
                    "provider": "provider.aws"
                },
                "aws_iam_group_policy_attachment.tfer--identity-policymakers_AWSSupportAccess": {
                    "type": "aws_iam_group_policy_attachment",
                    "depends_on": [],
                    "primary": {
                        "id": "identity-policymakers/arn:aws:iam::aws:policy/AWSSupportAccess",
                        "attributes": {
                            "group": "identity-policymakers",
                            "id": "identity-policymakers/arn:aws:iam::aws:policy/AWSSupportAccess",
                            "policy_arn": "arn:aws:iam::aws:policy/AWSSupportAccess"
                        },
                        "meta": {
                            "schema_version": 0
                        },
                        "tainted": false
                    },
                    "deposed": [],
                    "provider": "provider.aws"
                },
                "aws_iam_group_policy_attachment.tfer--identity-policymakers_Billing": {
                    "type": "aws_iam_group_policy_attachment",
                    "depends_on": [],
                    "primary": {
                        "id": "identity-policymakers/arn:aws:iam::aws:policy/job-function/Billing",
                        "attributes": {
                            "group": "identity-policymakers",
                            "id": "identity-policymakers/arn:aws:iam::aws:policy/job-function/Billing",
                            "policy_arn": "arn:aws:iam::aws:policy/job-function/Billing"
                        },
                        "meta": {
                            "schema_version": 0
                        },
                        "tainted": false
                    },
                    "deposed": [],
                    "provider": "provider.aws"
                },
                "aws_iam_group_policy_attachment.tfer--identity-policymakers_IAMFullAccess": {
                    "type": "aws_iam_group_policy_attachment",
                    "depends_on": [],
                    "primary": {
                        "id": "identity-policymakers/arn:aws:iam::aws:policy/IAMFullAccess",
                        "attributes": {
                            "group": "identity-policymakers",
                            "id": "identity-policymakers/arn:aws:iam::aws:policy/IAMFullAccess",
                            "policy_arn": "arn:aws:iam::aws:policy/IAMFullAccess"
                        },
                        "meta": {
                            "schema_version": 0
                        },
                        "tainted": false
                    },
                    "deposed": [],
                    "provider": "provider.aws"
                },
                "aws_iam_group_policy_attachment.tfer--identity-policymakers_PowerUserAccess": {
                    "type": "aws_iam_group_policy_attachment",
                    "depends_on": [],
                    "primary": {
                        "id": "identity-policymakers/arn:aws:iam::aws:policy/PowerUserAccess",
                        "attributes": {
                            "group": "identity-policymakers",
                            "id": "identity-policymakers/arn:aws:iam::aws:policy/PowerUserAccess",
                            "policy_arn": "arn:aws:iam::aws:policy/PowerUserAccess"
                        },
                        "meta": {
                            "schema_version": 0
                        },
                        "tainted": false
                    },
                    "deposed": [],
                    "provider": "provider.aws"
                },
                "aws_iam_instance_profile.tfer--Policy-makers-role": {
                    "type": "aws_iam_instance_profile",
                    "depends_on": [],
                    "primary": {
                        "id": "Policy-makers-role",
                        "attributes": {
                            "arn": "arn:aws:iam::873550445328:instance-profile/Policy-makers-role",
                            "create_date": "2024-03-10T04:56:58Z",
                            "id": "Policy-makers-role",
                            "name": "Policy-makers-role",
                            "name_prefix": "",
                            "path": "/",
                            "role": "Policy-makers-role",
                            "tags.%": "0",
                            "tags_all.%": "0",
                            "unique_id": "AIPA4WY5J7MIAI3P6CT6W"
                        },
                        "meta": {
                            "schema_version": 0
                        },
                        "tainted": false
                    },
                    "deposed": [],
                    "provider": "provider.aws"
                },
                "aws_iam_instance_profile.tfer--eks-6ec714a1-070e-c862-0067-1d265a57d358": {
                    "type": "aws_iam_instance_profile",
                    "depends_on": [],
                    "primary": {
                        "id": "eks-6ec714a1-070e-c862-0067-1d265a57d358",
                        "attributes": {
                            "arn": "arn:aws:iam::873550445328:instance-profile/eks-6ec714a1-070e-c862-0067-1d265a57d358",
                            "create_date": "2024-03-10T16:46:24Z",
                            "id": "eks-6ec714a1-070e-c862-0067-1d265a57d358",
                            "name": "eks-6ec714a1-070e-c862-0067-1d265a57d358",
                            "name_prefix": "",
                            "path": "/",
                            "role": "Policy-makers-role",
                            "tags.%": "0",
                            "tags_all.%": "0",
                            "unique_id": "AIPA4WY5J7MIOEKSADXBU"
                        },
                        "meta": {
                            "schema_version": 0
                        },
                        "tainted": false
                    },
                    "deposed": [],
                    "provider": "provider.aws"
                },
                "aws_iam_instance_profile.tfer--eks-74c714a1-a5c6-cf32-6e01-b6ec29ac0d42": {
                    "type": "aws_iam_instance_profile",
                    "depends_on": [],
                    "primary": {
                        "id": "eks-74c714a1-a5c6-cf32-6e01-b6ec29ac0d42",
                        "attributes": {
                            "arn": "arn:aws:iam::873550445328:instance-profile/eks-74c714a1-a5c6-cf32-6e01-b6ec29ac0d42",
                            "create_date": "2024-03-10T16:47:46Z",
                            "id": "eks-74c714a1-a5c6-cf32-6e01-b6ec29ac0d42",
                            "name": "eks-74c714a1-a5c6-cf32-6e01-b6ec29ac0d42",
                            "name_prefix": "",
                            "path": "/",
                            "role": "Policy-makers-role",
                            "tags.%": "0",
                            "tags_all.%": "0",
                            "unique_id": "AIPA4WY5J7MIIAHWNFXE7"
                        },
                        "meta": {
                            "schema_version": 0
                        },
                        "tainted": false
                    },
                    "deposed": [],
                    "provider": "provider.aws"
                },
                "aws_iam_policy.tfer--DAXFullAccess-daxtodyanamodb": {
                    "type": "aws_iam_policy",
                    "depends_on": [],
                    "primary": {
                        "id": "arn:aws:iam::873550445328:policy/service-role/DAXFullAccess-daxtodyanamodb",
                        "attributes": {
                            "arn": "arn:aws:iam::873550445328:policy/service-role/DAXFullAccess-daxtodyanamodb",
                            "description": "",
                            "id": "arn:aws:iam::873550445328:policy/service-role/DAXFullAccess-daxtodyanamodb",
                            "name": "DAXFullAccess-daxtodyanamodb",
                            "name_prefix": "",
                            "path": "/service-role/",
                            "policy": "{\"Statement\":[{\"Action\":[\"dynamodb:BatchGetItem\",\"dynamodb:GetItem\",\"dynamodb:Query\",\"dynamodb:Scan\",\"dynamodb:BatchWriteItem\",\"dynamodb:DeleteItem\",\"dynamodb:PutItem\",\"dynamodb:UpdateItem\",\"dynamodb:DescribeLimits\",\"dynamodb:DescribeTimeToLive\",\"dynamodb:DescribeTable\",\"dynamodb:ListTables\"],\"Effect\":\"Allow\",\"Resource\":[\"arn:aws:dynamodb:us-east-1:873550445328:table/*\"]}],\"Version\":\"2012-10-17\"}",
                            "policy_id": "ANPA4WY5J7MIH47K62W3J",
                            "tags.%": "0",
                            "tags_all.%": "0"
                        },
                        "meta": {
                            "schema_version": 0
                        },
                        "tainted": false
                    },
                    "deposed": [],
                    "provider": "provider.aws"
                },
                "aws_iam_policy.tfer--loadbalancer-controller-policy": {
                    "type": "aws_iam_policy",
                    "depends_on": [],
                    "primary": {
                        "id": "arn:aws:iam::873550445328:policy/loadbalancer-controller-policy",
                        "attributes": {
                            "arn": "arn:aws:iam::873550445328:policy/loadbalancer-controller-policy",
                            "description": "",
                            "id": "arn:aws:iam::873550445328:policy/loadbalancer-controller-policy",
                            "name": "loadbalancer-controller-policy",
                            "name_prefix": "",
                            "path": "/",
                            "policy": "{\"Statement\":[{\"Action\":\"elasticloadbalancing:*\",\"Effect\":\"Allow\",\"Resource\":\"*\",\"Sid\":\"VisualEditor0\"}],\"Version\":\"2012-10-17\"}",
                            "policy_id": "ANPA4WY5J7MIE6NYQTIZL",
                            "tags.%": "0",
                            "tags_all.%": "0"
                        },
                        "meta": {
                            "schema_version": 0
                        },
                        "tainted": false
                    },
                    "deposed": [],
                    "provider": "provider.aws"
                },
                "aws_iam_policy.tfer--mypolicy": {
                    "type": "aws_iam_policy",
                    "depends_on": [],
                    "primary": {
                        "id": "arn:aws:iam::873550445328:policy/mypolicy",
                        "attributes": {
                            "arn": "arn:aws:iam::873550445328:policy/mypolicy",
                            "description": "",
                            "id": "arn:aws:iam::873550445328:policy/mypolicy",
                            "name": "mypolicy",
                            "name_prefix": "",
                            "path": "/",
                            "policy": "{\"Statement\":[{\"Action\":\"iam:CreateRole\",\"Effect\":\"Allow\",\"Resource\":\"arn:aws:iam::873550445328:role/*\",\"Sid\":\"VisualEditor0\"}],\"Version\":\"2012-10-17\"}",
                            "policy_id": "ANPA4WY5J7MIK3DY3P4AE",
                            "tags.%": "0",
                            "tags_all.%": "0"
                        },
                        "meta": {
                            "schema_version": 0
                        },
                        "tainted": false
                    },
                    "deposed": [],
                    "provider": "provider.aws"
                },
                "aws_iam_role.tfer--AWSServiceRoleForAmazonEKS": {
                    "type": "aws_iam_role",
                    "depends_on": [],
                    "primary": {
                        "id": "AWSServiceRoleForAmazonEKS",
                        "attributes": {
                            "arn": "arn:aws:iam::873550445328:role/aws-service-role/eks.amazonaws.com/AWSServiceRoleForAmazonEKS",
                            "assume_role_policy": "{\"Statement\":[{\"Action\":\"sts:AssumeRole\",\"Effect\":\"Allow\",\"Principal\":{\"Service\":\"eks.amazonaws.com\"}}],\"Version\":\"2012-10-17\"}",
                            "create_date": "2024-03-10T05:13:10Z",
                            "description": "Allows Amazon EKS to call AWS services on your behalf.",
                            "id": "AWSServiceRoleForAmazonEKS",
                            "managed_policy_arns.#": "1",
                            "managed_policy_arns.0": "arn:aws:iam::aws:policy/aws-service-role/AmazonEKSServiceRolePolicy",
                            "max_session_duration": "3600",
                            "name": "AWSServiceRoleForAmazonEKS",
                            "name_prefix": "",
                            "path": "/aws-service-role/eks.amazonaws.com/",
                            "tags.%": "0",
                            "tags_all.%": "0",
                            "unique_id": "AROA4WY5J7MIBXB53MSKP"
                        },
                        "meta": {
                            "schema_version": 0
                        },
                        "tainted": false
                    },
                    "deposed": [],
                    "provider": "provider.aws"
                },
                "aws_iam_role.tfer--AWSServiceRoleForAmazonEKSNodegroup": {
                    "type": "aws_iam_role",
                    "depends_on": [],
                    "primary": {
                        "id": "AWSServiceRoleForAmazonEKSNodegroup",
                        "attributes": {
                            "arn": "arn:aws:iam::873550445328:role/aws-service-role/eks-nodegroup.amazonaws.com/AWSServiceRoleForAmazonEKSNodegroup",
                            "assume_role_policy": "{\"Statement\":[{\"Action\":\"sts:AssumeRole\",\"Effect\":\"Allow\",\"Principal\":{\"Service\":\"eks-nodegroup.amazonaws.com\"}}],\"Version\":\"2012-10-17\"}",
                            "create_date": "2024-03-10T05:21:49Z",
                            "description": "This policy allows Amazon EKS to create and manage Nodegroups",
                            "id": "AWSServiceRoleForAmazonEKSNodegroup",
                            "managed_policy_arns.#": "1",
                            "managed_policy_arns.0": "arn:aws:iam::aws:policy/aws-service-role/AWSServiceRoleForAmazonEKSNodegroup",
                            "max_session_duration": "3600",
                            "name": "AWSServiceRoleForAmazonEKSNodegroup",
                            "name_prefix": "",
                            "path": "/aws-service-role/eks-nodegroup.amazonaws.com/",
                            "tags.%": "0",
                            "tags_all.%": "0",
                            "unique_id": "AROA4WY5J7MIOHMJEBXAQ"
                        },
                        "meta": {
                            "schema_version": 0
                        },
                        "tainted": false
                    },
                    "deposed": [],
                    "provider": "provider.aws"
                },
                "aws_iam_role.tfer--AWSServiceRoleForApplicationAutoScaling_DynamoDBTable": {
                    "type": "aws_iam_role",
                    "depends_on": [],
                    "primary": {
                        "id": "AWSServiceRoleForApplicationAutoScaling_DynamoDBTable",
                        "attributes": {
                            "arn": "arn:aws:iam::873550445328:role/aws-service-role/dynamodb.application-autoscaling.amazonaws.com/AWSServiceRoleForApplicationAutoScaling_DynamoDBTable",
                            "assume_role_policy": "{\"Statement\":[{\"Action\":\"sts:AssumeRole\",\"Effect\":\"Allow\",\"Principal\":{\"Service\":\"dynamodb.application-autoscaling.amazonaws.com\"}}],\"Version\":\"2012-10-17\"}",
                            "create_date": "2022-12-08T11:11:24Z",
                            "description": "",
                            "id": "AWSServiceRoleForApplicationAutoScaling_DynamoDBTable",
                            "managed_policy_arns.#": "1",
                            "managed_policy_arns.0": "arn:aws:iam::aws:policy/aws-service-role/AWSApplicationAutoscalingDynamoDBTablePolicy",
                            "max_session_duration": "3600",
                            "name": "AWSServiceRoleForApplicationAutoScaling_DynamoDBTable",
                            "name_prefix": "",
                            "path": "/aws-service-role/dynamodb.application-autoscaling.amazonaws.com/",
                            "tags.%": "0",
                            "tags_all.%": "0",
                            "unique_id": "AROA4WY5J7MIMO5R7V33F"
                        },
                        "meta": {
                            "schema_version": 0
                        },
                        "tainted": false
                    },
                    "deposed": [],
                    "provider": "provider.aws"
                },
                "aws_iam_role.tfer--AWSServiceRoleForAutoScaling": {
                    "type": "aws_iam_role",
                    "depends_on": [],
                    "primary": {
                        "id": "AWSServiceRoleForAutoScaling",
                        "attributes": {
                            "arn": "arn:aws:iam::873550445328:role/aws-service-role/autoscaling.amazonaws.com/AWSServiceRoleForAutoScaling",
                            "assume_role_policy": "{\"Statement\":[{\"Action\":\"sts:AssumeRole\",\"Effect\":\"Allow\",\"Principal\":{\"Service\":\"autoscaling.amazonaws.com\"}}],\"Version\":\"2012-10-17\"}",
                            "create_date": "2024-03-10T05:22:07Z",
                            "description": "Default Service-Linked Role enables access to AWS Services and Resources used or managed by Auto Scaling",
                            "id": "AWSServiceRoleForAutoScaling",
                            "managed_policy_arns.#": "1",
                            "managed_policy_arns.0": "arn:aws:iam::aws:policy/aws-service-role/AutoScalingServiceRolePolicy",
                            "max_session_duration": "3600",
                            "name": "AWSServiceRoleForAutoScaling",
                            "name_prefix": "",
                            "path": "/aws-service-role/autoscaling.amazonaws.com/",
                            "tags.%": "0",
                            "tags_all.%": "0",
                            "unique_id": "AROA4WY5J7MIG4M5QAWMJ"
                        },
                        "meta": {
                            "schema_version": 0
                        },
                        "tainted": false
                    },
                    "deposed": [],
                    "provider": "provider.aws"
                },
                "aws_iam_role.tfer--AWSServiceRoleForElasticLoadBalancing": {
                    "type": "aws_iam_role",
                    "depends_on": [],
                    "primary": {
                        "id": "AWSServiceRoleForElasticLoadBalancing",
                        "attributes": {
                            "arn": "arn:aws:iam::873550445328:role/aws-service-role/elasticloadbalancing.amazonaws.com/AWSServiceRoleForElasticLoadBalancing",
                            "assume_role_policy": "{\"Statement\":[{\"Action\":\"sts:AssumeRole\",\"Effect\":\"Allow\",\"Principal\":{\"Service\":\"elasticloadbalancing.amazonaws.com\"}}],\"Version\":\"2012-10-17\"}",
                            "create_date": "2024-03-10T16:57:54Z",
                            "description": "Allows ELB to call AWS services on your behalf.",
                            "id": "AWSServiceRoleForElasticLoadBalancing",
                            "managed_policy_arns.#": "1",
                            "managed_policy_arns.0": "arn:aws:iam::aws:policy/aws-service-role/AWSElasticLoadBalancingServiceRolePolicy",
                            "max_session_duration": "3600",
                            "name": "AWSServiceRoleForElasticLoadBalancing",
                            "name_prefix": "",
                            "path": "/aws-service-role/elasticloadbalancing.amazonaws.com/",
                            "tags.%": "0",
                            "tags_all.%": "0",
                            "unique_id": "AROA4WY5J7MIDOACBJTPA"
                        },
                        "meta": {
                            "schema_version": 0
                        },
                        "tainted": false
                    },
                    "deposed": [],
                    "provider": "provider.aws"
                },
                "aws_iam_role.tfer--AWSServiceRoleForSupport": {
                    "type": "aws_iam_role",
                    "depends_on": [],
                    "primary": {
                        "id": "AWSServiceRoleForSupport",
                        "attributes": {
                            "arn": "arn:aws:iam::873550445328:role/aws-service-role/support.amazonaws.com/AWSServiceRoleForSupport",
                            "assume_role_policy": "{\"Statement\":[{\"Action\":\"sts:AssumeRole\",\"Effect\":\"Allow\",\"Principal\":{\"Service\":\"support.amazonaws.com\"}}],\"Version\":\"2012-10-17\"}",
                            "create_date": "2022-11-25T08:46:39Z",
                            "description": "Enables resource access for AWS to provide billing, administrative and support services",
                            "id": "AWSServiceRoleForSupport",
                            "managed_policy_arns.#": "1",
                            "managed_policy_arns.0": "arn:aws:iam::aws:policy/aws-service-role/AWSSupportServiceRolePolicy",
                            "max_session_duration": "3600",
                            "name": "AWSServiceRoleForSupport",
                            "name_prefix": "",
                            "path": "/aws-service-role/support.amazonaws.com/",
                            "tags.%": "0",
                            "tags_all.%": "0",
                            "unique_id": "AROA4WY5J7MIHX22OSNSK"
                        },
                        "meta": {
                            "schema_version": 0
                        },
                        "tainted": false
                    },
                    "deposed": [],
                    "provider": "provider.aws"
                },
                "aws_iam_role.tfer--AWSServiceRoleForTrustedAdvisor": {
                    "type": "aws_iam_role",
                    "depends_on": [],
                    "primary": {
                        "id": "AWSServiceRoleForTrustedAdvisor",
                        "attributes": {
                            "arn": "arn:aws:iam::873550445328:role/aws-service-role/trustedadvisor.amazonaws.com/AWSServiceRoleForTrustedAdvisor",
                            "assume_role_policy": "{\"Statement\":[{\"Action\":\"sts:AssumeRole\",\"Effect\":\"Allow\",\"Principal\":{\"Service\":\"trustedadvisor.amazonaws.com\"}}],\"Version\":\"2012-10-17\"}",
                            "create_date": "2022-11-25T08:46:39Z",
                            "description": "Access for the AWS Trusted Advisor Service to help reduce cost, increase performance, and improve security of your AWS environment.",
                            "id": "AWSServiceRoleForTrustedAdvisor",
                            "managed_policy_arns.#": "1",
                            "managed_policy_arns.0": "arn:aws:iam::aws:policy/aws-service-role/AWSTrustedAdvisorServiceRolePolicy",
                            "max_session_duration": "3600",
                            "name": "AWSServiceRoleForTrustedAdvisor",
                            "name_prefix": "",
                            "path": "/aws-service-role/trustedadvisor.amazonaws.com/",
                            "tags.%": "0",
                            "tags_all.%": "0",
                            "unique_id": "AROA4WY5J7MIOFVOTCY7J"
                        },
                        "meta": {
                            "schema_version": 0
                        },
                        "tainted": false
                    },
                    "deposed": [],
                    "provider": "provider.aws"
                },
                "aws_iam_role.tfer--Policy-makers-role": {
                    "type": "aws_iam_role",
                    "depends_on": [],
                    "primary": {
                        "id": "Policy-makers-role",
                        "attributes": {
                            "arn": "arn:aws:iam::873550445328:role/Policy-makers-role",
                            "assume_role_policy": "{\"Statement\":[{\"Action\":\"sts:AssumeRole\",\"Effect\":\"Allow\",\"Principal\":{\"Service\":\"ec2.amazonaws.com\"}}],\"Version\":\"2012-10-17\"}",
                            "create_date": "2024-03-10T04:56:58Z",
                            "description": "Allows EC2 instances to call AWS services on your behalf.",
                            "id": "Policy-makers-role",
                            "managed_policy_arns.#": "4",
                            "managed_policy_arns.0": "arn:aws:iam::aws:policy/AWSSupportAccess",
                            "managed_policy_arns.1": "arn:aws:iam::aws:policy/AdministratorAccess",
                            "managed_policy_arns.2": "arn:aws:iam::aws:policy/AmazonRoute53FullAccess",
                            "managed_policy_arns.3": "arn:aws:iam::aws:policy/IAMFullAccess",
                            "max_session_duration": "3600",
                            "name": "Policy-makers-role",
                            "name_prefix": "",
                            "path": "/",
                            "tags.%": "0",
                            "tags_all.%": "0",
                            "unique_id": "AROA4WY5J7MIDKO7HOGDJ"
                        },
                        "meta": {
                            "schema_version": 0
                        },
                        "tainted": false
                    },
                    "deposed": [],
                    "provider": "provider.aws"
                },
                "aws_iam_role.tfer--daxtodyanamodb": {
                    "type": "aws_iam_role",
                    "depends_on": [],
                    "primary": {
                        "id": "daxtodyanamodb",
                        "attributes": {
                            "arn": "arn:aws:iam::873550445328:role/service-role/daxtodyanamodb",
                            "assume_role_policy": "{\"Statement\":[{\"Action\":\"sts:AssumeRole\",\"Effect\":\"Allow\",\"Principal\":{\"Service\":\"dax.amazonaws.com\"}}],\"Version\":\"2012-10-17\"}",
                            "create_date": "2022-12-08T12:11:36Z",
                            "description": "",
                            "id": "daxtodyanamodb",
                            "managed_policy_arns.#": "1",
                            "managed_policy_arns.0": "arn:aws:iam::873550445328:policy/service-role/DAXFullAccess-daxtodyanamodb",
                            "max_session_duration": "3600",
                            "name": "daxtodyanamodb",
                            "name_prefix": "",
                            "path": "/service-role/",
                            "tags.%": "0",
                            "tags_all.%": "0",
                            "unique_id": "AROA4WY5J7MIL3F2B26R3"
                        },
                        "meta": {
                            "schema_version": 0
                        },
                        "tainted": false
                    },
                    "deposed": [],
                    "provider": "provider.aws"
                },
                "aws_iam_role.tfer--eksClusterRole": {
                    "type": "aws_iam_role",
                    "depends_on": [],
                    "primary": {
                        "id": "eksClusterRole",
                        "attributes": {
                            "arn": "arn:aws:iam::873550445328:role/eksClusterRole",
                            "assume_role_policy": "{\"Statement\":[{\"Action\":\"sts:AssumeRole\",\"Effect\":\"Allow\",\"Principal\":{\"Service\":\"eks.amazonaws.com\"}}],\"Version\":\"2012-10-17\"}",
                            "create_date": "2024-03-10T16:25:16Z",
                            "description": "Allows access to other AWS service resources that are required to operate clusters managed by EKS.",
                            "id": "eksClusterRole",
                            "managed_policy_arns.#": "1",
                            "managed_policy_arns.0": "arn:aws:iam::aws:policy/AmazonEKSClusterPolicy",
                            "max_session_duration": "3600",
                            "name": "eksClusterRole",
                            "name_prefix": "",
                            "path": "/",
                            "tags.%": "0",
                            "tags_all.%": "0",
                            "unique_id": "AROA4WY5J7MIIN5NG3OKT"
                        },
                        "meta": {
                            "schema_version": 0
                        },
                        "tainted": false
                    },
                    "deposed": [],
                    "provider": "provider.aws"
                },
                "aws_iam_role.tfer--loadbalancer-controller-role": {
                    "type": "aws_iam_role",
                    "depends_on": [],
                    "primary": {
                        "id": "loadbalancer-controller-role",
                        "attributes": {
                            "arn": "arn:aws:iam::873550445328:role/loadbalancer-controller-role",
                            "assume_role_policy": "{\"Statement\":[{\"Action\":\"sts:AssumeRoleWithWebIdentity\",\"Condition\":{\"StringEquals\":{\"oidc.eks.us-west-1.amazonaws.com/id/C819B6BA8DB31F2686FA35AEBD74C4A7:sub\":\"system:serviceaccount:kube-system:aws-load-balancer-controller\"}},\"Effect\":\"Allow\",\"Principal\":{\"Federated\":\"arn:aws:iam::873550445328:oidc-provider/oidc.eks.us-west-1.amazonaws.com/id/C819B6BA8DB31F2686FA35AEBD74C4A7\"}}],\"Version\":\"2012-10-17\"}",
                            "create_date": "2024-03-04T05:42:31Z",
                            "description": "",
                            "id": "loadbalancer-controller-role",
                            "inline_policy.#": "1",
                            "inline_policy.0.name": "full-access",
                            "inline_policy.0.policy": "{\"Version\":\"2012-10-17\",\"Statement\":[{\"Action\":[\"iam:*\",\"ec2:*\",\"cognito-idp:*\",\"elasticloadbalancing:*\",\"acm:*\"],\"Effect\":\"Allow\",\"Resource\":\"*\",\"Sid\":\"VisualEditor0\"}]}",
                            "managed_policy_arns.#": "2",
                            "managed_policy_arns.0": "arn:aws:iam::873550445328:policy/loadbalancer-controller-policy",
                            "managed_policy_arns.1": "arn:aws:iam::aws:policy/service-role/AmazonEBSCSIDriverPolicy",
                            "max_session_duration": "3600",
                            "name": "loadbalancer-controller-role",
                            "name_prefix": "",
                            "path": "/",
                            "tags.%": "0",
                            "tags_all.%": "0",
                            "unique_id": "AROA4WY5J7MIPZ4SF4WCR"
                        },
                        "meta": {
                            "schema_version": 0
                        },
                        "tainted": false
                    },
                    "deposed": [],
                    "provider": "provider.aws"
                },
                "aws_iam_role_policy.tfer--loadbalancer-controller-role_full-access": {
                    "type": "aws_iam_role_policy",
                    "depends_on": [],
                    "primary": {
                        "id": "loadbalancer-controller-role:full-access",
                        "attributes": {
                            "id": "loadbalancer-controller-role:full-access",
                            "name": "full-access",
                            "policy": "{\"Version\":\"2012-10-17\",\"Statement\":[{\"Action\":[\"iam:*\",\"ec2:*\",\"cognito-idp:*\",\"elasticloadbalancing:*\",\"acm:*\"],\"Effect\":\"Allow\",\"Resource\":\"*\",\"Sid\":\"VisualEditor0\"}]}",
                            "role": "loadbalancer-controller-role"
                        },
                        "meta": {
                            "schema_version": 0
                        },
                        "tainted": false
                    },
                    "deposed": [],
                    "provider": "provider.aws"
                },
                "aws_iam_role_policy_attachment.tfer--AWSServiceRoleForAmazonEKSNodegroup_AWSServiceRoleForAmazonEKSNodegroup": {
                    "type": "aws_iam_role_policy_attachment",
                    "depends_on": [],
                    "primary": {
                        "id": "AWSServiceRoleForAmazonEKSNodegroup/arn:aws:iam::aws:policy/aws-service-role/AWSServiceRoleForAmazonEKSNodegroup",
                        "attributes": {
                            "id": "AWSServiceRoleForAmazonEKSNodegroup/arn:aws:iam::aws:policy/aws-service-role/AWSServiceRoleForAmazonEKSNodegroup",
                            "policy_arn": "arn:aws:iam::aws:policy/aws-service-role/AWSServiceRoleForAmazonEKSNodegroup",
                            "role": "AWSServiceRoleForAmazonEKSNodegroup"
                        },
                        "meta": {
                            "schema_version": 0
                        },
                        "tainted": false
                    },
                    "deposed": [],
                    "provider": "provider.aws"
                },
                "aws_iam_role_policy_attachment.tfer--AWSServiceRoleForAmazonEKS_AmazonEKSServiceRolePolicy": {
                    "type": "aws_iam_role_policy_attachment",
                    "depends_on": [],
                    "primary": {
                        "id": "AWSServiceRoleForAmazonEKS/arn:aws:iam::aws:policy/aws-service-role/AmazonEKSServiceRolePolicy",
                        "attributes": {
                            "id": "AWSServiceRoleForAmazonEKS/arn:aws:iam::aws:policy/aws-service-role/AmazonEKSServiceRolePolicy",
                            "policy_arn": "arn:aws:iam::aws:policy/aws-service-role/AmazonEKSServiceRolePolicy",
                            "role": "AWSServiceRoleForAmazonEKS"
                        },
                        "meta": {
                            "schema_version": 0
                        },
                        "tainted": false
                    },
                    "deposed": [],
                    "provider": "provider.aws"
                },
                "aws_iam_role_policy_attachment.tfer--AWSServiceRoleForApplicationAutoScaling_DynamoDBTable_AWSApplicationAutoscalingDynamoDBTablePolicy": {
                    "type": "aws_iam_role_policy_attachment",
                    "depends_on": [],
                    "primary": {
                        "id": "AWSServiceRoleForApplicationAutoScaling_DynamoDBTable/arn:aws:iam::aws:policy/aws-service-role/AWSApplicationAutoscalingDynamoDBTablePolicy",
                        "attributes": {
                            "id": "AWSServiceRoleForApplicationAutoScaling_DynamoDBTable/arn:aws:iam::aws:policy/aws-service-role/AWSApplicationAutoscalingDynamoDBTablePolicy",
                            "policy_arn": "arn:aws:iam::aws:policy/aws-service-role/AWSApplicationAutoscalingDynamoDBTablePolicy",
                            "role": "AWSServiceRoleForApplicationAutoScaling_DynamoDBTable"
                        },
                        "meta": {
                            "schema_version": 0
                        },
                        "tainted": false
                    },
                    "deposed": [],
                    "provider": "provider.aws"
                },
                "aws_iam_role_policy_attachment.tfer--AWSServiceRoleForAutoScaling_AutoScalingServiceRolePolicy": {
                    "type": "aws_iam_role_policy_attachment",
                    "depends_on": [],
                    "primary": {
                        "id": "AWSServiceRoleForAutoScaling/arn:aws:iam::aws:policy/aws-service-role/AutoScalingServiceRolePolicy",
                        "attributes": {
                            "id": "AWSServiceRoleForAutoScaling/arn:aws:iam::aws:policy/aws-service-role/AutoScalingServiceRolePolicy",
                            "policy_arn": "arn:aws:iam::aws:policy/aws-service-role/AutoScalingServiceRolePolicy",
                            "role": "AWSServiceRoleForAutoScaling"
                        },
                        "meta": {
                            "schema_version": 0
                        },
                        "tainted": false
                    },
                    "deposed": [],
                    "provider": "provider.aws"
                },
                "aws_iam_role_policy_attachment.tfer--AWSServiceRoleForElasticLoadBalancing_AWSElasticLoadBalancingServiceRolePolicy": {
                    "type": "aws_iam_role_policy_attachment",
                    "depends_on": [],
                    "primary": {
                        "id": "AWSServiceRoleForElasticLoadBalancing/arn:aws:iam::aws:policy/aws-service-role/AWSElasticLoadBalancingServiceRolePolicy",
                        "attributes": {
                            "id": "AWSServiceRoleForElasticLoadBalancing/arn:aws:iam::aws:policy/aws-service-role/AWSElasticLoadBalancingServiceRolePolicy",
                            "policy_arn": "arn:aws:iam::aws:policy/aws-service-role/AWSElasticLoadBalancingServiceRolePolicy",
                            "role": "AWSServiceRoleForElasticLoadBalancing"
                        },
                        "meta": {
                            "schema_version": 0
                        },
                        "tainted": false
                    },
                    "deposed": [],
                    "provider": "provider.aws"
                },
                "aws_iam_role_policy_attachment.tfer--AWSServiceRoleForSupport_AWSSupportServiceRolePolicy": {
                    "type": "aws_iam_role_policy_attachment",
                    "depends_on": [],
                    "primary": {
                        "id": "AWSServiceRoleForSupport/arn:aws:iam::aws:policy/aws-service-role/AWSSupportServiceRolePolicy",
                        "attributes": {
                            "id": "AWSServiceRoleForSupport/arn:aws:iam::aws:policy/aws-service-role/AWSSupportServiceRolePolicy",
                            "policy_arn": "arn:aws:iam::aws:policy/aws-service-role/AWSSupportServiceRolePolicy",
                            "role": "AWSServiceRoleForSupport"
                        },
                        "meta": {
                            "schema_version": 0
                        },
                        "tainted": false
                    },
                    "deposed": [],
                    "provider": "provider.aws"
                },
                "aws_iam_role_policy_attachment.tfer--AWSServiceRoleForTrustedAdvisor_AWSTrustedAdvisorServiceRolePolicy": {
                    "type": "aws_iam_role_policy_attachment",
                    "depends_on": [],
                    "primary": {
                        "id": "AWSServiceRoleForTrustedAdvisor/arn:aws:iam::aws:policy/aws-service-role/AWSTrustedAdvisorServiceRolePolicy",
                        "attributes": {
                            "id": "AWSServiceRoleForTrustedAdvisor/arn:aws:iam::aws:policy/aws-service-role/AWSTrustedAdvisorServiceRolePolicy",
                            "policy_arn": "arn:aws:iam::aws:policy/aws-service-role/AWSTrustedAdvisorServiceRolePolicy",
                            "role": "AWSServiceRoleForTrustedAdvisor"
                        },
                        "meta": {
                            "schema_version": 0
                        },
                        "tainted": false
                    },
                    "deposed": [],
                    "provider": "provider.aws"
                },
                "aws_iam_role_policy_attachment.tfer--Policy-makers-role_AWSSupportAccess": {
                    "type": "aws_iam_role_policy_attachment",
                    "depends_on": [],
                    "primary": {
                        "id": "Policy-makers-role/arn:aws:iam::aws:policy/AWSSupportAccess",
                        "attributes": {
                            "id": "Policy-makers-role/arn:aws:iam::aws:policy/AWSSupportAccess",
                            "policy_arn": "arn:aws:iam::aws:policy/AWSSupportAccess",
                            "role": "Policy-makers-role"
                        },
                        "meta": {
                            "schema_version": 0
                        },
                        "tainted": false
                    },
                    "deposed": [],
                    "provider": "provider.aws"
                },
                "aws_iam_role_policy_attachment.tfer--Policy-makers-role_AdministratorAccess": {
                    "type": "aws_iam_role_policy_attachment",
                    "depends_on": [],
                    "primary": {
                        "id": "Policy-makers-role/arn:aws:iam::aws:policy/AdministratorAccess",
                        "attributes": {
                            "id": "Policy-makers-role/arn:aws:iam::aws:policy/AdministratorAccess",
                            "policy_arn": "arn:aws:iam::aws:policy/AdministratorAccess",
                            "role": "Policy-makers-role"
                        },
                        "meta": {
                            "schema_version": 0
                        },
                        "tainted": false
                    },
                    "deposed": [],
                    "provider": "provider.aws"
                },
                "aws_iam_role_policy_attachment.tfer--Policy-makers-role_AmazonRoute53FullAccess": {
                    "type": "aws_iam_role_policy_attachment",
                    "depends_on": [],
                    "primary": {
                        "id": "Policy-makers-role/arn:aws:iam::aws:policy/AmazonRoute53FullAccess",
                        "attributes": {
                            "id": "Policy-makers-role/arn:aws:iam::aws:policy/AmazonRoute53FullAccess",
                            "policy_arn": "arn:aws:iam::aws:policy/AmazonRoute53FullAccess",
                            "role": "Policy-makers-role"
                        },
                        "meta": {
                            "schema_version": 0
                        },
                        "tainted": false
                    },
                    "deposed": [],
                    "provider": "provider.aws"
                },
                "aws_iam_role_policy_attachment.tfer--Policy-makers-role_IAMFullAccess": {
                    "type": "aws_iam_role_policy_attachment",
                    "depends_on": [],
                    "primary": {
                        "id": "Policy-makers-role/arn:aws:iam::aws:policy/IAMFullAccess",
                        "attributes": {
                            "id": "Policy-makers-role/arn:aws:iam::aws:policy/IAMFullAccess",
                            "policy_arn": "arn:aws:iam::aws:policy/IAMFullAccess",
                            "role": "Policy-makers-role"
                        },
                        "meta": {
                            "schema_version": 0
                        },
                        "tainted": false
                    },
                    "deposed": [],
                    "provider": "provider.aws"
                },
                "aws_iam_role_policy_attachment.tfer--daxtodyanamodb_DAXFullAccess-daxtodyanamodb": {
                    "type": "aws_iam_role_policy_attachment",
                    "depends_on": [],
                    "primary": {
                        "id": "daxtodyanamodb/arn:aws:iam::873550445328:policy/service-role/DAXFullAccess-daxtodyanamodb",
                        "attributes": {
                            "id": "daxtodyanamodb/arn:aws:iam::873550445328:policy/service-role/DAXFullAccess-daxtodyanamodb",
                            "policy_arn": "arn:aws:iam::873550445328:policy/service-role/DAXFullAccess-daxtodyanamodb",
                            "role": "daxtodyanamodb"
                        },
                        "meta": {
                            "schema_version": 0
                        },
                        "tainted": false
                    },
                    "deposed": [],
                    "provider": "provider.aws"
                },
                "aws_iam_role_policy_attachment.tfer--eksClusterRole_AmazonEKSClusterPolicy": {
                    "type": "aws_iam_role_policy_attachment",
                    "depends_on": [],
                    "primary": {
                        "id": "eksClusterRole/arn:aws:iam::aws:policy/AmazonEKSClusterPolicy",
                        "attributes": {
                            "id": "eksClusterRole/arn:aws:iam::aws:policy/AmazonEKSClusterPolicy",
                            "policy_arn": "arn:aws:iam::aws:policy/AmazonEKSClusterPolicy",
                            "role": "eksClusterRole"
                        },
                        "meta": {
                            "schema_version": 0
                        },
                        "tainted": false
                    },
                    "deposed": [],
                    "provider": "provider.aws"
                },
                "aws_iam_role_policy_attachment.tfer--loadbalancer-controller-role_AmazonEBSCSIDriverPolicy": {
                    "type": "aws_iam_role_policy_attachment",
                    "depends_on": [],
                    "primary": {
                        "id": "loadbalancer-controller-role/arn:aws:iam::aws:policy/service-role/AmazonEBSCSIDriverPolicy",
                        "attributes": {
                            "id": "loadbalancer-controller-role/arn:aws:iam::aws:policy/service-role/AmazonEBSCSIDriverPolicy",
                            "policy_arn": "arn:aws:iam::aws:policy/service-role/AmazonEBSCSIDriverPolicy",
                            "role": "loadbalancer-controller-role"
                        },
                        "meta": {
                            "schema_version": 0
                        },
                        "tainted": false
                    },
                    "deposed": [],
                    "provider": "provider.aws"
                },
                "aws_iam_role_policy_attachment.tfer--loadbalancer-controller-role_loadbalancer-controller-policy": {
                    "type": "aws_iam_role_policy_attachment",
                    "depends_on": [],
                    "primary": {
                        "id": "loadbalancer-controller-role/arn:aws:iam::873550445328:policy/loadbalancer-controller-policy",
                        "attributes": {
                            "id": "loadbalancer-controller-role/arn:aws:iam::873550445328:policy/loadbalancer-controller-policy",
                            "policy_arn": "arn:aws:iam::873550445328:policy/loadbalancer-controller-policy",
                            "role": "loadbalancer-controller-role"
                        },
                        "meta": {
                            "schema_version": 0
                        },
                        "tainted": false
                    },
                    "deposed": [],
                    "provider": "provider.aws"
                },
                "aws_iam_user.tfer--AIDA4WY5J7MID3JY77BHK": {
                    "type": "aws_iam_user",
                    "depends_on": [],
                    "primary": {
                        "id": "wego",
                        "attributes": {
                            "arn": "arn:aws:iam::873550445328:user/wego",
                            "force_destroy": "false",
                            "id": "wego",
                            "name": "wego",
                            "path": "/",
                            "tags.%": "0",
                            "tags_all.%": "0",
                            "unique_id": "AIDA4WY5J7MID3JY77BHK"
                        },
                        "meta": {
                            "schema_version": 0
                        },
                        "tainted": false
                    },
                    "deposed": [],
                    "provider": "provider.aws"
                },
                "aws_iam_user.tfer--AIDA4WY5J7MIMTOBZD5FK": {
                    "type": "aws_iam_user",
                    "depends_on": [],
                    "primary": {
                        "id": "fortune",
                        "attributes": {
                            "arn": "arn:aws:iam::873550445328:user/fortune",
                            "force_destroy": "false",
                            "id": "fortune",
                            "name": "fortune",
                            "path": "/",
                            "tags.%": "0",
                            "tags_all.%": "0",
                            "unique_id": "AIDA4WY5J7MIMTOBZD5FK"
                        },
                        "meta": {
                            "schema_version": 0
                        },
                        "tainted": false
                    },
                    "deposed": [],
                    "provider": "provider.aws"
                },
                "aws_iam_user_policy.tfer--fortune_sts_policy": {
                    "type": "aws_iam_user_policy",
                    "depends_on": [],
                    "primary": {
                        "id": "fortune:sts_policy",
                        "attributes": {
                            "id": "fortune:sts_policy",
                            "name": "sts_policy",
                            "policy": "{\"Version\":\"2012-10-17\",\"Statement\":[{\"Action\":\"iam:GetPolicy\",\"Effect\":\"Allow\",\"Resource\":\"arn:aws:iam::aws:policy/service-role/AmazonEBSCSIDriverPolicy\",\"Sid\":\"Statement1\"}]}",
                            "user": "fortune"
                        },
                        "meta": {
                            "schema_version": 0
                        },
                        "tainted": false
                    },
                    "deposed": [],
                    "provider": "provider.aws"
                },
                "aws_iam_user_policy_attachment.tfer--fortune_AdministratorAccess": {
                    "type": "aws_iam_user_policy_attachment",
                    "depends_on": [],
                    "primary": {
                        "id": "fortune/arn:aws:iam::aws:policy/AdministratorAccess",
                        "attributes": {
                            "id": "fortune/arn:aws:iam::aws:policy/AdministratorAccess",
                            "policy_arn": "arn:aws:iam::aws:policy/AdministratorAccess",
                            "user": "fortune"
                        },
                        "meta": {
                            "schema_version": 0
                        },
                        "tainted": false
                    },
                    "deposed": [],
                    "provider": "provider.aws"
                },
                "aws_iam_user_policy_attachment.tfer--fortune_AmazonEBSCSIDriverPolicy": {
                    "type": "aws_iam_user_policy_attachment",
                    "depends_on": [],
                    "primary": {
                        "id": "fortune/arn:aws:iam::aws:policy/service-role/AmazonEBSCSIDriverPolicy",
                        "attributes": {
                            "id": "fortune/arn:aws:iam::aws:policy/service-role/AmazonEBSCSIDriverPolicy",
                            "policy_arn": "arn:aws:iam::aws:policy/service-role/AmazonEBSCSIDriverPolicy",
                            "user": "fortune"
                        },
                        "meta": {
                            "schema_version": 0
                        },
                        "tainted": false
                    },
                    "deposed": [],
                    "provider": "provider.aws"
                },
                "aws_iam_user_policy_attachment.tfer--wego_AmazonEC2ReadOnlyAccess": {
                    "type": "aws_iam_user_policy_attachment",
                    "depends_on": [],
                    "primary": {
                        "id": "wego/arn:aws:iam::aws:policy/AmazonEC2ReadOnlyAccess",
                        "attributes": {
                            "id": "wego/arn:aws:iam::aws:policy/AmazonEC2ReadOnlyAccess",
                            "policy_arn": "arn:aws:iam::aws:policy/AmazonEC2ReadOnlyAccess",
                            "user": "wego"
                        },
                        "meta": {
                            "schema_version": 0
                        },
                        "tainted": false
                    },
                    "deposed": [],
                    "provider": "provider.aws"
                },
                "aws_iam_user_policy_attachment.tfer--wego_AmazonVPCReadOnlyAccess": {
                    "type": "aws_iam_user_policy_attachment",
                    "depends_on": [],
                    "primary": {
                        "id": "wego/arn:aws:iam::aws:policy/AmazonVPCReadOnlyAccess",
                        "attributes": {
                            "id": "wego/arn:aws:iam::aws:policy/AmazonVPCReadOnlyAccess",
                            "policy_arn": "arn:aws:iam::aws:policy/AmazonVPCReadOnlyAccess",
                            "user": "wego"
                        },
                        "meta": {
                            "schema_version": 0
                        },
                        "tainted": false
                    },
                    "deposed": [],
                    "provider": "provider.aws"
                },
                "aws_iam_user_policy_attachment.tfer--wego_IAMReadOnlyAccess": {
                    "type": "aws_iam_user_policy_attachment",
                    "depends_on": [],
                    "primary": {
                        "id": "wego/arn:aws:iam::aws:policy/IAMReadOnlyAccess",
                        "attributes": {
                            "id": "wego/arn:aws:iam::aws:policy/IAMReadOnlyAccess",
                            "policy_arn": "arn:aws:iam::aws:policy/IAMReadOnlyAccess",
                            "user": "wego"
                        },
                        "meta": {
                            "schema_version": 0
                        },
                        "tainted": false
                    },
                    "deposed": [],
                    "provider": "provider.aws"
                },
                "aws_iam_user_policy_attachment.tfer--wego_PowerUserAccess": {
                    "type": "aws_iam_user_policy_attachment",
                    "depends_on": [],
                    "primary": {
                        "id": "wego/arn:aws:iam::aws:policy/PowerUserAccess",
                        "attributes": {
                            "id": "wego/arn:aws:iam::aws:policy/PowerUserAccess",
                            "policy_arn": "arn:aws:iam::aws:policy/PowerUserAccess",
                            "user": "wego"
                        },
                        "meta": {
                            "schema_version": 0
                        },
                        "tainted": false
                    },
                    "deposed": [],
                    "provider": "provider.aws"
                }
            },
            "depends_on": []
        }
    ]
}
